
Microsoft Visual Studio Solution File, Format Version 12.00
# Visual Studio Version 17
VisualStudioVersion = 17.4.33110.190
MinimumVisualStudioVersion = 10.0.40219.1
Project("{2150E333-8FDC-42A3-9474-1A3956D46DE8}") = "Core", "Core", "{45BF37A5-A98F-40C9-A990-79F051A3057B}"
EndProject
Project("{2150E333-8FDC-42A3-9474-1A3956D46DE8}") = "Common", "Common", "{4BF53A8A-B344-4C1A-AE24-1FC41E2188E9}"
EndProject
Project("{2150E333-8FDC-42A3-9474-1A3956D46DE8}") = "Infrastructure", "Infrastructure", "{FA933B2A-DC9F-44A0-94C7-C5D2D49C550B}"
EndProject
Project("{2150E333-8FDC-42A3-9474-1A3956D46DE8}") = "Application", "Application", "{AA983AFF-9CBC-4F2A-98E3-3CACA5039C61}"
EndProject
Project("{2150E333-8FDC-42A3-9474-1A3956D46DE8}") = "Domain", "Domain", "{5A9735A3-CEE9-4E50-B2FD-54F0BF402002}"
EndProject
Project("{9A19103F-16F7-4668-BE54-9A1E7A4F7556}") = "Hexalith.Extensions", "Hexalith\src\Core\Common\Hexalith.Extensions\Hexalith.Extensions.csproj", "{1959557F-5EAF-4B1E-BF3F-313AC68EFA49}"
EndProject
Project("{2150E333-8FDC-42A3-9474-1A3956D46DE8}") = "Hexalith", "Hexalith", "{D2DA3040-462E-4E0E-9CFE-3EA95FA3D014}"
EndProject
Project("{9A19103F-16F7-4668-BE54-9A1E7A4F7556}") = "Hexalith.Infrastructure.AzureActiveDirectory", "Hexalith\src\Core\Infrastructure\Hexalith.Infrastructure.AzureActiveDirectory\Hexalith.Infrastructure.AzureActiveDirectory.csproj", "{E6204AB7-62EC-41C2-9DEC-7727D3B87B08}"
EndProject
Project("{9A19103F-16F7-4668-BE54-9A1E7A4F7556}") = "Hexalith.TestMocks", "Hexalith\src\Core\Common\Hexalith.TestMocks\Hexalith.TestMocks.csproj", "{BE07B798-CBB1-4DA7-B80D-7628F1E67894}"
EndProject
Project("{9A19103F-16F7-4668-BE54-9A1E7A4F7556}") = "Hexalith.Application", "Hexalith\src\Core\Application\Hexalith.Application\Hexalith.Application.csproj", "{735CE2B7-2572-4E3F-8B57-C55F9A69448E}"
EndProject
Project("{9A19103F-16F7-4668-BE54-9A1E7A4F7556}") = "Hexalith.Application.Abstractions", "Hexalith\src\Core\Application\Hexalith.Application.Abstractions\Hexalith.Application.Abstractions.csproj", "{155E85F0-978B-4916-AB3C-741266DE7BE3}"
EndProject
Project("{9A19103F-16F7-4668-BE54-9A1E7A4F7556}") = "Hexalith.Domain.Abstractions", "Hexalith\src\Core\Domain\Hexalith.Domain.Abstractions\Hexalith.Domain.Abstractions.csproj", "{8CE66AE1-932A-4E2C-B8E5-4FA627ACA2D7}"
EndProject
Project("{9A19103F-16F7-4668-BE54-9A1E7A4F7556}") = "Hexalith.Infrastructure.Serialization", "Hexalith\src\Core\Infrastructure\Hexalith.Infrastructure.Serialization\Hexalith.Infrastructure.Serialization.csproj", "{B207766E-3CE0-4DF5-B33B-367C9E8AF4EB}"
EndProject
Project("{9A19103F-16F7-4668-BE54-9A1E7A4F7556}") = "Hexalith.Infrastructure.WebApis", "Hexalith\src\Core\Infrastructure\Hexalith.Infrastructure.WebApis\Hexalith.Infrastructure.WebApis.csproj", "{00897BC6-2258-41E6-9246-B9EDB67A225B}"
EndProject
Project("{9A19103F-16F7-4668-BE54-9A1E7A4F7556}") = "Hexalith.Infrastructure.DaprRuntime", "Hexalith\src\Core\Infrastructure\Hexalith.Infrastructure.DaprRuntime\Hexalith.Infrastructure.DaprRuntime.csproj", "{F92430D4-DCA2-4FDC-B902-FA053BCB8037}"
EndProject
Project("{9A19103F-16F7-4668-BE54-9A1E7A4F7556}") = "Hexalith.Application.TopologicalSorting", "Hexalith\src\Core\Application\Hexalith.Application.TopologicalSorting\Hexalith.Application.TopologicalSorting.csproj", "{43D88290-657A-4D99-BB58-BA5B60B13630}"
EndProject
Project("{9A19103F-16F7-4668-BE54-9A1E7A4F7556}") = "Hexalith.Infrastructure.TeamsBot", "Hexalith\src\Core\Infrastructure\Hexalith.Infrastructure.TeamsBot\Hexalith.Infrastructure.TeamsBot.csproj", "{4CB3A741-2FED-491A-AA0D-01F2F2577389}"
EndProject
Project("{9A19103F-16F7-4668-BE54-9A1E7A4F7556}") = "Hexalith.Domain.ConversationThreads", "Hexalith\src\Core\Domain\Hexalith.Domain.ConversationThreads\Hexalith.Domain.ConversationThreads.csproj", "{E2751BF1-0B07-4CF2-B19C-FBA0C0FB0FB9}"
EndProject
Project("{9A19103F-16F7-4668-BE54-9A1E7A4F7556}") = "Hexalith.Domain.UserConversationProfiles", "Hexalith\src\Core\Domain\Hexalith.Domain.UserConversations\Hexalith.Domain.UserConversationProfiles.csproj", "{2F11D0F4-35B2-45D7-8966-DF5248DB82D4}"
EndProject
Project("{9A19103F-16F7-4668-BE54-9A1E7A4F7556}") = "Hexalith.Application.ConversationThreads", "Hexalith\src\Core\Application\Hexalith.Application.ConversationThreads\Hexalith.Application.ConversationThreads.csproj", "{C29D4822-A879-49FA-9025-880D716782FF}"
EndProject
Project("{9A19103F-16F7-4668-BE54-9A1E7A4F7556}") = "Hexalith.Infrastructure.AzureDevOps", "Hexalith\src\Core\Infrastructure\Hexalith.Infrastructure.AzureDevOps\Hexalith.Infrastructure.AzureDevOps.csproj", "{AABC96A7-2B2C-4F92-A4CC-D76596DCF0D6}"
EndProject
Project("{9A19103F-16F7-4668-BE54-9A1E7A4F7556}") = "Hexalith.Application.Organizations", "Hexalith\src\Core\Application\Hexalith.Application.Organizations\Hexalith.Application.Organizations.csproj", "{4BFB8526-A11F-4946-9905-7F00EECEF7FF}"
EndProject
Project("{9A19103F-16F7-4668-BE54-9A1E7A4F7556}") = "Hexalith.Domain.Organizations", "Hexalith\src\Core\Domain\Hexalith.Domain.Organizations\Hexalith.Domain.Organizations.csproj", "{71564D94-DA05-4FCA-985F-E5574EFF2723}"
EndProject
Project("{9A19103F-16F7-4668-BE54-9A1E7A4F7556}") = "Hexalith.UI.ApplicationLayout", "Hexalith\src\Core\UI\Hexalith.UI.ApplicationLayout\Hexalith.UI.ApplicationLayout.csproj", "{29551DAF-21B8-4C4D-A765-4F75D1758CB9}"
EndProject
Project("{2150E333-8FDC-42A3-9474-1A3956D46DE8}") = "UI", "UI", "{3D11F14C-AF25-4D09-8182-568B18EB78FC}"
EndProject
Project("{9A19103F-16F7-4668-BE54-9A1E7A4F7556}") = "Hexalith.Domain.Surveys", "Hexalith\src\Core\Domain\Hexalith.Domain.Surveys\Hexalith.Domain.Surveys.csproj", "{398AB413-51AA-4973-A5D5-DD584C4F4B6C}"
EndProject
Project("{9A19103F-16F7-4668-BE54-9A1E7A4F7556}") = "Hexalith.Infrastructure.DaprRuntime.Abstractions", "Hexalith\src\Core\Infrastructure\Hexalith.Infrastructure.DaprRuntime.Abstractions\Hexalith.Infrastructure.DaprRuntime.Abstractions.csproj", "{552814D4-6853-4384-A270-47C7741D1332}"
EndProject
Project("{9A19103F-16F7-4668-BE54-9A1E7A4F7556}") = "Hexalith.Infrastructure.Emails.MailKit", "Hexalith\src\Core\Infrastructure\Hexalith.Infrastructure.Emails.MailKit\Hexalith.Infrastructure.Emails.MailKit.csproj", "{A836AC21-33CC-479C-862D-99D6EB36917E}"
EndProject
Project("{9A19103F-16F7-4668-BE54-9A1E7A4F7556}") = "Hexalith.Infrastructure.Emails.SendGrid", "Hexalith\src\Core\Infrastructure\Hexalith.Infrastructure.Emails.SendGrid\Hexalith.Infrastructure.Emails.SendGrid.csproj", "{96BFBAF8-A4DB-41E1-B73E-6B44D775488B}"
EndProject
Project("{9A19103F-16F7-4668-BE54-9A1E7A4F7556}") = "Hexalith.Infrastructure.Emails.Abstractions", "Hexalith\src\Core\Infrastructure\Hexalith.Infrastructure.Emails.Abstractions\Hexalith.Infrastructure.Emails.Abstractions.csproj", "{93BDAAEA-DCF3-4A19-844B-7B699DF52EC7}"
EndProject
Project("{9A19103F-16F7-4668-BE54-9A1E7A4F7556}") = "Hexalith.Infrastructure.GoogleMaps", "Hexalith\src\Core\Infrastructure\Hexalith.Infrastructure.GoogleMaps\Hexalith.Infrastructure.GoogleMaps.csproj", "{C7CE8355-E198-4D5F-88AD-0498C1E4580C}"
EndProject
Project("{9A19103F-16F7-4668-BE54-9A1E7A4F7556}") = "Hexalith.Infrastructure.WebApis.Proxies", "Hexalith\src\Core\Infrastructure\Hexalith.Infrastructure.WebApis.Proxies\Hexalith.Infrastructure.WebApis.Proxies.csproj", "{2EA76081-D72D-4AE9-A10F-094FDC57FA44}"
EndProject
Project("{9A19103F-16F7-4668-BE54-9A1E7A4F7556}") = "Hexalith.Infrastructure.WebApis.Abstractions", "Hexalith\src\Core\Infrastructure\Hexalith.Infrastructure.WebApis.Abstractions\Hexalith.Infrastructure.WebApis.Abstractions.csproj", "{2CF8A627-8BB7-4762-ABE7-51B9A3560774}"
EndProject
Project("{9A19103F-16F7-4668-BE54-9A1E7A4F7556}") = "Hexalith.Infrastructure.ClientAppOnServer", "Hexalith\src\Core\Infrastructure\Hexalith.Infrastructure.ClientAppOnServer\Hexalith.Infrastructure.ClientAppOnServer.csproj", "{E0F6C228-71C2-4610-B8EA-2A4DCA9DDE2C}"
EndProject
Project("{9A19103F-16F7-4668-BE54-9A1E7A4F7556}") = "Hexalith.Infrastructure.ClientAppOnWasm", "Hexalith\src\Core\Infrastructure\Hexalith.Infrastructure.ClientAppOnWasm\Hexalith.Infrastructure.ClientAppOnWasm.csproj", "{50915DCF-7731-411C-ADF9-0D36BB58E250}"
EndProject
Project("{9A19103F-16F7-4668-BE54-9A1E7A4F7556}") = "Hexalith.Infrastructure.ClientApp", "Hexalith\src\Core\Infrastructure\Hexalith.Infrastructure.ClientApp\Hexalith.Infrastructure.ClientApp.csproj", "{85FA9E9F-A3CC-4DF9-94BA-CB0011954DC3}"
EndProject
Project("{9A19103F-16F7-4668-BE54-9A1E7A4F7556}") = "Hexalith.Application.Authorizations", "Hexalith\src\Core\Application\Hexalith.Application.Authorizations\Hexalith.Application.Authorizations.csproj", "{3B624A74-5F48-41C4-A1FD-043C6604C61B}"
EndProject
Project("{9A19103F-16F7-4668-BE54-9A1E7A4F7556}") = "Hexalith.Infrastructure.AspireService.Defaults", "Hexalith\src\Core\Infrastructure\Hexalith.Infrastructure.AspireService.Defaults\Hexalith.Infrastructure.AspireService.Defaults.csproj", "{80BF5C88-4E2B-4B76-A521-88CF4A880B16}"
EndProject
Project("{9A19103F-16F7-4668-BE54-9A1E7A4F7556}") = "Hexalith.Infrastructure.DaprRuntime.CosmosDatabases", "Hexalith\src\Core\Infrastructure\Hexalith.Infrastructure.DaprRuntime.CosmosDatabases\Hexalith.Infrastructure.DaprRuntime.CosmosDatabases.csproj", "{0D3A0C8C-15F2-4A0C-8A1C-BD54BCB8FEE1}"
EndProject
Project("{9A19103F-16F7-4668-BE54-9A1E7A4F7556}") = "Hexalith.Infrastructure.CosmosDb", "Hexalith\src\Core\Infrastructure\Hexalith.Infrastructure.CosmosDb\Hexalith.Infrastructure.CosmosDb.csproj", "{A9D47971-C5E1-4EE0-B355-23D0B0EE00BC}"
EndProject
Project("{9A19103F-16F7-4668-BE54-9A1E7A4F7556}") = "Hexalith.Infrastructure.AspireService.Hosting", "Hexalith\src\Core\Infrastructure\Hexalith.Infrastructure.AspireService.Hosting\Hexalith.Infrastructure.AspireService.Hosting.csproj", "{7FAFB6B4-B084-4F20-A046-8692CD504B67}"
EndProject
Project("{2150E333-8FDC-42A3-9474-1A3956D46DE8}") = "src", "src", "{6DCC825D-02D0-4F25-9A3D-A530736AB837}"
	ProjectSection(SolutionItems) = preProject
		src\Directory.Build.props = src\Directory.Build.props
	EndProjectSection
EndProject
Project("{2150E333-8FDC-42A3-9474-1A3956D46DE8}") = "Infrastructure", "Infrastructure", "{971DE0DA-285B-4912-BA93-E74411400F87}"
EndProject
Project("{2150E333-8FDC-42A3-9474-1A3956D46DE8}") = "_build", "_build", "{3A505FC6-CBD6-4D4F-BF48-329C3148282B}"
	ProjectSection(SolutionItems) = preProject
		Directory.Build.props = Directory.Build.props
		Hexalith.props = Hexalith.props
		.github\workflows\hexalith_build.yml = .github\workflows\hexalith_build.yml
		src\BuildFiles\Project.Common.props = src\BuildFiles\Project.Common.props
		.github\workflows\semgrep.yml = .github\workflows\semgrep.yml
		.github\workflows\sonarqube.yml = .github\workflows\sonarqube.yml
	EndProjectSection
EndProject
Project("{2150E333-8FDC-42A3-9474-1A3956D46DE8}") = "Servers", "Servers", "{E0E8D9A4-0B77-4F2D-BD6E-7931FEE42ACB}"
	ProjectSection(SolutionItems) = preProject
		src\Servers\Directory.Build.props = src\Servers\Directory.Build.props
	EndProjectSection
EndProject
Project("{2150E333-8FDC-42A3-9474-1A3956D46DE8}") = "test", "test", "{8B5B1376-6E74-4BE2-8688-5F4B604B0370}"
	ProjectSection(SolutionItems) = preProject
		test\Directory.Build.props = test\Directory.Build.props
	EndProjectSection
EndProject
Project("{9A19103F-16F7-4668-BE54-9A1E7A4F7556}") = "Hexalith.UI.Components.Abstractions", "Hexalith\src\Core\UI\Hexalith.UI.Components.Abstractions\Hexalith.UI.Components.Abstractions.csproj", "{3C8A2FE5-7E6B-4932-AF11-71F859F3B87F}"
EndProject
Project("{9A19103F-16F7-4668-BE54-9A1E7A4F7556}") = "Hexalith.UI.Components", "Hexalith\src\Core\UI\Hexalith.UI.Components\Hexalith.UI.Components.csproj", "{6A210437-68DA-4468-AF3C-4887406BD03B}"
EndProject
Project("{9A19103F-16F7-4668-BE54-9A1E7A4F7556}") = "Hexalith.UI.Modules.Abstractions", "Hexalith\src\Core\UI\Hexalith.UI.Modules.Abstractions\Hexalith.UI.Modules.Abstractions.csproj", "{9A85438A-48CC-404E-9B1C-A29269FE78B9}"
EndProject
Project("{9A19103F-16F7-4668-BE54-9A1E7A4F7556}") = "Hexalith.UI.Modules", "Hexalith\src\Core\UI\Hexalith.UI.Modules\Hexalith.UI.Modules.csproj", "{92269465-385D-4598-9883-28379DE598C6}"
EndProject
Project("{9A19103F-16F7-4668-BE54-9A1E7A4F7556}") = "Hexalith.Dynamics365Finance", "src\Infrastructure\Hexalith.Dynamics365Finance\Hexalith.Dynamics365Finance.csproj", "{D6747A9A-5A11-4726-9862-188459C343F5}"
EndProject
Project("{9A19103F-16F7-4668-BE54-9A1E7A4F7556}") = "Hexalith.Dynamics365Finance.Inventories", "src\Infrastructure\Hexalith.Dynamics365Finance.Inventories\Hexalith.Dynamics365Finance.Inventories.csproj", "{57064CE4-8034-413E-AB31-87DF78CD9CBE}"
EndProject
Project("{9A19103F-16F7-4668-BE54-9A1E7A4F7556}") = "Hexalith.Dynamics365Finance.Parties", "src\Infrastructure\Hexalith.Dynamics365Finance.Parties\Hexalith.Dynamics365Finance.Parties.csproj", "{BE6E4C4D-873A-4DD4-8B4B-A246F4EF8277}"
EndProject
Project("{9A19103F-16F7-4668-BE54-9A1E7A4F7556}") = "Hexalith.Dynamics365Finance.Retail", "src\Infrastructure\Hexalith.Dynamics365Finance.Retail\Hexalith.Dynamics365Finance.Retail.csproj", "{15E5AAD5-DAC4-4CCC-8BF4-4EB70D6ABF51}"
EndProject
Project("{9A19103F-16F7-4668-BE54-9A1E7A4F7556}") = "Hexalith.Dynamics365Finance.Sales", "src\Infrastructure\Hexalith.Dynamics365Finance.Sales\Hexalith.Dynamics365Finance.Sales.csproj", "{43201834-D3F6-460C-A46B-50D1E1ECAA7E}"
EndProject
Project("{9A19103F-16F7-4668-BE54-9A1E7A4F7556}") = "Hexalith.Dynamics365Finance.TestMocks", "src\Infrastructure\Hexalith.Dynamics365Finance.TestMocks\Hexalith.Dynamics365Finance.TestMocks.csproj", "{0513C042-CDA3-4196-A2ED-894D79E1B154}"
EndProject
Project("{9A19103F-16F7-4668-BE54-9A1E7A4F7556}") = "Hexalith.Dynamics365Finance.UnitTests", "test\Hexalith.Dynamics365Finance.UnitTests\Hexalith.Dynamics365Finance.UnitTests.csproj", "{C825E352-7E31-4A23-8814-CBADAC4363DB}"
EndProject
Project("{9A19103F-16F7-4668-BE54-9A1E7A4F7556}") = "Hexalith.Server.Dynamics365Finance", "src\Servers\Hexalith.Server.Dynamics365Finance\Hexalith.Server.Dynamics365Finance.csproj", "{AAE78C96-4FE5-4A04-B78C-DEF1A8A34BD3}"
EndProject
Project("{2150E333-8FDC-42A3-9474-1A3956D46DE8}") = "Hexalith.Inventories", "Hexalith.Inventories", "{8D412594-322C-46FC-BADC-F4AE6DFFB6A8}"
EndProject
Project("{2150E333-8FDC-42A3-9474-1A3956D46DE8}") = "Application", "Application", "{D730786F-9BA0-41AD-9C68-9F46AA327795}"
EndProject
Project("{9A19103F-16F7-4668-BE54-9A1E7A4F7556}") = "Hexalith.Inventories.Application", "Hexalith.Inventories\src\Application\Hexalith.Inventories.Application\Hexalith.Inventories.Application.csproj", "{9938A3CA-4CFC-434F-AA55-75956016498A}"
EndProject
Project("{9A19103F-16F7-4668-BE54-9A1E7A4F7556}") = "Hexalith.Inventories.Commands", "Hexalith.Inventories\src\Application\Hexalith.Inventories.Commands\Hexalith.Inventories.Commands.csproj", "{998631DC-0993-4493-A2E8-1675C834FEB8}"
EndProject
Project("{2150E333-8FDC-42A3-9474-1A3956D46DE8}") = "Domain", "Domain", "{291E2688-A9F0-46B1-88D1-885D836FE660}"
EndProject
Project("{9A19103F-16F7-4668-BE54-9A1E7A4F7556}") = "Hexalith.Inventories.Domain.Abstractions", "Hexalith.Inventories\src\Domain\Hexalith.Inventories.Domain.Abstractions\Hexalith.Inventories.Domain.Abstractions.csproj", "{9C67CB5B-342A-4687-A453-1A145228DBD4}"
EndProject
Project("{9A19103F-16F7-4668-BE54-9A1E7A4F7556}") = "Hexalith.Inventories.Events", "Hexalith.Inventories\src\Domain\Hexalith.Inventories.Events\Hexalith.Inventories.Events.csproj", "{A432AAA5-60AE-45BD-827E-36B8D0B8C62F}"
EndProject
Project("{9A19103F-16F7-4668-BE54-9A1E7A4F7556}") = "Hexalith.Inventories.Domain", "Hexalith.Inventories\src\Domain\Hexalith.Inventories.Domain\Hexalith.Inventories.Domain.csproj", "{881A99D5-224B-40F9-88B7-17F757AECA24}"
EndProject
Project("{2150E333-8FDC-42A3-9474-1A3956D46DE8}") = "_build", "_build", "{38736D76-91BB-4A00-AA11-420C74928B26}"
	ProjectSection(SolutionItems) = preProject
		Hexalith.Inventories\.editorconfig = Hexalith.Inventories\.editorconfig
		Hexalith.Inventories\src\BuildFiles\.stylecop.json = Hexalith.Inventories\src\BuildFiles\.stylecop.json
		Hexalith.Inventories\src\BuildFiles\.stylecop.ruleset = Hexalith.Inventories\src\BuildFiles\.stylecop.ruleset
		Hexalith.Inventories\Directory.Build.props = Hexalith.Inventories\Directory.Build.props
		Hexalith.Inventories\src\BuildFiles\Project.Common.props = Hexalith.Inventories\src\BuildFiles\Project.Common.props
	EndProjectSection
EndProject
Project("{2150E333-8FDC-42A3-9474-1A3956D46DE8}") = "Infrastructure", "Infrastructure", "{20FEAF0E-3679-4FFC-A959-40FD254CBB38}"
EndProject
Project("{9A19103F-16F7-4668-BE54-9A1E7A4F7556}") = "Hexalith.Inventories.CommandsWebApis", "Hexalith.Inventories\src\Infrastructure\Hexalith.Inventories.CommandsWebApis\Hexalith.Inventories.CommandsWebApis.csproj", "{0B1E72A6-3324-461E-AD08-9BFBB2B5CDE2}"
EndProject
Project("{9A19103F-16F7-4668-BE54-9A1E7A4F7556}") = "Hexalith.Inventories.DaprRuntime", "Hexalith.Inventories\src\Infrastructure\Hexalith.Inventories.DaprRuntime\Hexalith.Inventories.DaprRuntime.csproj", "{8FB0445A-16B7-4752-A4C5-DC6DE05ACB05}"
EndProject
Project("{9A19103F-16F7-4668-BE54-9A1E7A4F7556}") = "Hexalith.Inventories.DaprRuntime.Abstractions", "Hexalith.Inventories\src\Infrastructure\Hexalith.Inventories.DaprRuntime.Abstractions\Hexalith.Inventories.DaprRuntime.Abstractions.csproj", "{A3763996-BC98-4862-88B6-D4D986E7E335}"
EndProject
Project("{9A19103F-16F7-4668-BE54-9A1E7A4F7556}") = "Hexalith.Inventories.EventsWebApis", "Hexalith.Inventories\src\Infrastructure\Hexalith.Inventories.EventsWebApis\Hexalith.Inventories.EventsWebApis.csproj", "{80A93D9C-6F13-4524-93A3-72A45A6BD416}"
EndProject
Project("{2150E333-8FDC-42A3-9474-1A3956D46DE8}") = "_build", "_build", "{9D57ECB6-B7DC-4DDB-A9B6-12EE7A75A879}"
	ProjectSection(SolutionItems) = preProject
		Hexalith\.editorconfig = Hexalith\.editorconfig
		Hexalith\.stylecop.json = Hexalith\.stylecop.json
		Hexalith\.stylecop.ruleset = Hexalith\.stylecop.ruleset
		Hexalith\src\Hexalith.Build\Dependencies.props = Hexalith\src\Hexalith.Build\Dependencies.props
		Hexalith\Directory.Build.props = Hexalith\Directory.Build.props
		Hexalith\src\Hexalith.Build\Project.Common.props = Hexalith\src\Hexalith.Build\Project.Common.props
	EndProjectSection
EndProject
Project("{2150E333-8FDC-42A3-9474-1A3956D46DE8}") = "Hexalith.Parties", "Hexalith.Parties", "{9E9F6E02-85FF-4D60-B0D1-0C05E320E987}"
EndProject
Project("{2150E333-8FDC-42A3-9474-1A3956D46DE8}") = "Hexalith.ExternalSystems", "Hexalith.ExternalSystems", "{810883B3-1803-4B4E-BF5E-F078393FA0F0}"
EndProject
Project("{2150E333-8FDC-42A3-9474-1A3956D46DE8}") = "Domain", "Domain", "{4F49ABFF-6B70-4B98-BB71-505D35B5BB87}"
EndProject
Project("{2150E333-8FDC-42A3-9474-1A3956D46DE8}") = "Application", "Application", "{9AAA1A56-7221-4F12-9CC5-EED65D846D28}"
EndProject
Project("{2150E333-8FDC-42A3-9474-1A3956D46DE8}") = "Infrastructure", "Infrastructure", "{8BCF7A82-450A-4455-B622-4F6C1B28747D}"
EndProject
Project("{9A19103F-16F7-4668-BE54-9A1E7A4F7556}") = "Hexalith.ExternalSystems.Domain.Abstractions", "Hexalith.ExternalSystems\src\Domain\Hexalith.ExternalSystems.Domain.Abstractions\Hexalith.ExternalSystems.Domain.Abstractions.csproj", "{E8F2901C-CB80-42FA-8C39-91DFF483E51D}"
EndProject
Project("{9A19103F-16F7-4668-BE54-9A1E7A4F7556}") = "Hexalith.ExternalSystems.Domain", "Hexalith.ExternalSystems\src\Domain\Hexalith.ExternalSystems.Domain\Hexalith.ExternalSystems.Domain.csproj", "{AE61A6D6-EA8C-476A-88AC-4B75BB7E0A37}"
EndProject
Project("{9A19103F-16F7-4668-BE54-9A1E7A4F7556}") = "Hexalith.ExternalSystems.Events", "Hexalith.ExternalSystems\src\Domain\Hexalith.ExternalSystems.Events\Hexalith.ExternalSystems.Events.csproj", "{8F16EF50-3EBF-4D8E-A157-A395DDBEC9F3}"
EndProject
Project("{9A19103F-16F7-4668-BE54-9A1E7A4F7556}") = "Hexalith.ExternalSystems.Commands", "Hexalith.ExternalSystems\src\Application\Hexalith.ExternalSystems.Commands\Hexalith.ExternalSystems.Commands.csproj", "{96276918-158A-44AA-B352-49764E394E0E}"
EndProject
Project("{9A19103F-16F7-4668-BE54-9A1E7A4F7556}") = "Hexalith.ExternalSystems.Application", "Hexalith.ExternalSystems\src\Application\Hexalith.ExternalSystems.Application\Hexalith.ExternalSystems.Application.csproj", "{D8A71B10-E12E-4149-B8B5-76A86E48B095}"
EndProject
Project("{9A19103F-16F7-4668-BE54-9A1E7A4F7556}") = "Hexalith.ExternalSystems.DaprAggregates", "Hexalith.ExternalSystems\src\Infrastructure\Hexalith.ExternalSystems.DaprAggregates\Hexalith.ExternalSystems.DaprAggregates.csproj", "{63BC3D4A-7A5C-4404-9FFC-B1E303781861}"
EndProject
Project("{9A19103F-16F7-4668-BE54-9A1E7A4F7556}") = "Hexalith.ExternalSystems.DaprProjections", "Hexalith.ExternalSystems\src\Infrastructure\Hexalith.ExternalSystems.DaprProjections\Hexalith.ExternalSystems.DaprProjections.csproj", "{1B60F0E8-4F24-422D-BB42-2AC3F46594BD}"
EndProject
Project("{9A19103F-16F7-4668-BE54-9A1E7A4F7556}") = "Hexalith.ExternalSystems.CommandsWebApis", "Hexalith.ExternalSystems\src\Infrastructure\Hexalith.ExternalSystems.CommandsWebApis\Hexalith.ExternalSystems.CommandsWebApis.csproj", "{820ED263-B92F-4BEA-ACDE-4429E7B1D88F}"
EndProject
Project("{9A19103F-16F7-4668-BE54-9A1E7A4F7556}") = "Hexalith.ExternalSystems.EventsWebApis", "Hexalith.ExternalSystems\src\Infrastructure\Hexalith.ExternalSystems.EventsWebApis\Hexalith.ExternalSystems.EventsWebApis.csproj", "{65EFD3B1-DD02-4B72-AFD2-A0283F6F0FBD}"
EndProject
Project("{2150E333-8FDC-42A3-9474-1A3956D46DE8}") = "Domain", "Domain", "{24506019-C050-47A2-BD18-D073C5B13C14}"
EndProject
Project("{2150E333-8FDC-42A3-9474-1A3956D46DE8}") = "Application", "Application", "{8091788E-ACB0-4AF1-B3F4-00922A82501A}"
EndProject
Project("{2150E333-8FDC-42A3-9474-1A3956D46DE8}") = "Infrastructure", "Infrastructure", "{2F217CE2-E1EB-4A62-9E6B-8BD15409EFB7}"
EndProject
Project("{9A19103F-16F7-4668-BE54-9A1E7A4F7556}") = "Hexalith.Parties.Domain.Abstractions", "Hexalith.Parties\src\Domain\Hexalith.Parties.Domain.Abstractions\Hexalith.Parties.Domain.Abstractions.csproj", "{B76D5764-8BD8-471B-8C0E-3084C0E89DFA}"
EndProject
Project("{9A19103F-16F7-4668-BE54-9A1E7A4F7556}") = "Hexalith.Parties.Domain", "Hexalith.Parties\src\Domain\Hexalith.Parties.Domain\Hexalith.Parties.Domain.csproj", "{F2FA014F-2816-4CD4-896E-5BCCDFBD3565}"
EndProject
Project("{9A19103F-16F7-4668-BE54-9A1E7A4F7556}") = "Hexalith.Parties.Events", "Hexalith.Parties\src\Domain\Hexalith.Parties.Events\Hexalith.Parties.Events.csproj", "{BA5EEBA3-34D6-4733-BF6B-837728CA51B0}"
EndProject
Project("{9A19103F-16F7-4668-BE54-9A1E7A4F7556}") = "Hexalith.Parties.Commands", "Hexalith.Parties\src\Application\Hexalith.Parties.Commands\Hexalith.Parties.Commands.csproj", "{5DD9EEF7-1325-4D78-AEEC-28CCA468D044}"
EndProject
Project("{9A19103F-16F7-4668-BE54-9A1E7A4F7556}") = "Hexalith.Parties.Application", "Hexalith.Parties\src\Application\Hexalith.Parties.Application\Hexalith.Parties.Application.csproj", "{1EFE3E8D-BAE3-4D20-9B8F-EFB54341AA0B}"
EndProject
Project("{9A19103F-16F7-4668-BE54-9A1E7A4F7556}") = "Hexalith.Parties.DaprRuntime.Abstractions", "Hexalith.Parties\src\Infrastructure\Hexalith.Parties.DaprRuntime.Abstractions\Hexalith.Parties.DaprRuntime.Abstractions.csproj", "{402A147C-4C1F-40F0-8946-D9FA6175E117}"
EndProject
Project("{9A19103F-16F7-4668-BE54-9A1E7A4F7556}") = "Hexalith.Parties.DaprRuntime", "Hexalith.Parties\src\Infrastructure\Hexalith.Parties.DaprRuntime\Hexalith.Parties.DaprRuntime.csproj", "{AB395911-243F-4D4F-B108-4A0ED7C7D290}"
EndProject
Project("{9A19103F-16F7-4668-BE54-9A1E7A4F7556}") = "Hexalith.Parties.CommandsWebApis", "Hexalith.Parties\src\Infrastructure\Hexalith.Parties.CommandsWebApis\Hexalith.Parties.CommandsWebApis.csproj", "{747E07B7-9BEA-4BA6-AA0C-1A3DA5E5B7DB}"
EndProject
Project("{9A19103F-16F7-4668-BE54-9A1E7A4F7556}") = "Hexalith.Parties.EventsWebApis", "Hexalith.Parties\src\Infrastructure\Hexalith.Parties.EventsWebApis\Hexalith.Parties.EventsWebApis.csproj", "{9DD30035-C764-4CE7-927F-12B1ACED7694}"
EndProject
Project("{9A19103F-16F7-4668-BE54-9A1E7A4F7556}") = "Hexalith.Parties.GoogleMaps", "Hexalith.Parties\src\Infrastructure\Hexalith.Parties.GoogleMaps\Hexalith.Parties.GoogleMaps.csproj", "{67EFFAD5-6BDA-4BA8-9109-7638F2EC73A6}"
EndProject
Project("{2150E333-8FDC-42A3-9474-1A3956D46DE8}") = "_build", "_build", "{4251697F-18AA-4D69-8599-FB68FF57795D}"
	ProjectSection(SolutionItems) = preProject
		Hexalith.ExternalSystems\Directory.Build.props = Hexalith.ExternalSystems\Directory.Build.props
		Hexalith.Inventories\.github\workflows\hexalith_build.yml = Hexalith.Inventories\.github\workflows\hexalith_build.yml
		Hexalith.ExternalSystems\src\BuildFiles\Project.Common.props = Hexalith.ExternalSystems\src\BuildFiles\Project.Common.props
		Hexalith.Inventories\.github\workflows\semgrep.yml = Hexalith.Inventories\.github\workflows\semgrep.yml
		Hexalith.Inventories\.github\workflows\sonarqube.yml = Hexalith.Inventories\.github\workflows\sonarqube.yml
	EndProjectSection
EndProject
Project("{2150E333-8FDC-42A3-9474-1A3956D46DE8}") = "Hexalith.Sales", "Hexalith.Sales", "{36AFD4DF-F38B-4902-8D53-ED7ADF5010DB}"
EndProject
Project("{2150E333-8FDC-42A3-9474-1A3956D46DE8}") = "Domain", "Domain", "{BBB67B81-6BAF-480F-AD43-B43CEF9A46A4}"
EndProject
Project("{2150E333-8FDC-42A3-9474-1A3956D46DE8}") = "Application", "Application", "{84B7D03F-5FEF-4769-8984-326080307307}"
EndProject
Project("{2150E333-8FDC-42A3-9474-1A3956D46DE8}") = "Infrastructure", "Infrastructure", "{2933EEEB-7A7A-4D67-9968-7E0F19BC6EC3}"
EndProject
Project("{9A19103F-16F7-4668-BE54-9A1E7A4F7556}") = "Hexalith.Sales.Domain.Abstractions", "Hexalith.Sales\src\Domain\Hexalith.Sales.Domain.Abstractions\Hexalith.Sales.Domain.Abstractions.csproj", "{FEE33BA5-782F-4CB8-91A3-5DB61496C7A9}"
EndProject
Project("{9A19103F-16F7-4668-BE54-9A1E7A4F7556}") = "Hexalith.Sales.Events", "Hexalith.Sales\src\Domain\Hexalith.Sales.Events\Hexalith.Sales.Events.csproj", "{C3936E6B-47BF-4379-8C1E-57984678CC13}"
EndProject
Project("{9A19103F-16F7-4668-BE54-9A1E7A4F7556}") = "Hexalith.Sales.Domain", "Hexalith.Sales\src\Domain\Hexalith.Sales.Domain\Hexalith.Sales.Domain.csproj", "{2A1F8D6D-6B9B-42EF-9623-7D1067A6AA6B}"
EndProject
Project("{9A19103F-16F7-4668-BE54-9A1E7A4F7556}") = "Hexalith.Sales.Commands", "Hexalith.Sales\src\Application\Hexalith.Sales.Commands\Hexalith.Sales.Commands.csproj", "{6EBB561D-25BA-4977-BFAB-C373D92A3B61}"
EndProject
Project("{9A19103F-16F7-4668-BE54-9A1E7A4F7556}") = "Hexalith.Sales.Application", "Hexalith.Sales\src\Application\Hexalith.Sales.Application\Hexalith.Sales.Application.csproj", "{50B3A7D2-54CF-48F6-9B49-AF5F470ACF44}"
EndProject
Project("{9A19103F-16F7-4668-BE54-9A1E7A4F7556}") = "Hexalith.Sales.DaprRuntime.Abstractions", "Hexalith.Sales\src\Infrastructure\Hexalith.Sales.DaprRuntime.Abstractions\Hexalith.Sales.DaprRuntime.Abstractions.csproj", "{4904764A-C315-4BF9-8816-455EEAB337F2}"
EndProject
Project("{9A19103F-16F7-4668-BE54-9A1E7A4F7556}") = "Hexalith.Sales.DaprRuntime", "Hexalith.Sales\src\Infrastructure\Hexalith.Sales.DaprRuntime\Hexalith.Sales.DaprRuntime.csproj", "{ECAA39A5-9140-4326-A2A4-FEEE80BD9782}"
EndProject
Project("{9A19103F-16F7-4668-BE54-9A1E7A4F7556}") = "Hexalith.Sales.CommandsWebApis", "Hexalith.Sales\src\Infrastructure\Hexalith.Sales.CommandsWebApis\Hexalith.Sales.CommandsWebApis.csproj", "{1FCCE115-83C5-4B37-BF42-23C5EA4D8CDE}"
EndProject
Project("{9A19103F-16F7-4668-BE54-9A1E7A4F7556}") = "Hexalith.Sales.EventsWebApis", "Hexalith.Sales\src\Infrastructure\Hexalith.Sales.EventsWebApis\Hexalith.Sales.EventsWebApis.csproj", "{B676341A-5EFC-44DD-BC96-A14483352652}"
EndProject
Project("{2150E333-8FDC-42A3-9474-1A3956D46DE8}") = "_global", "_global", "{CDC0BEAD-E265-4892-8E44-7991B1663216}"
	ProjectSection(SolutionItems) = preProject
		.editorconfig = .editorconfig
		src\BuildFiles\.stylecop.json = src\BuildFiles\.stylecop.json
		src\BuildFiles\.stylecop.ruleset = src\BuildFiles\.stylecop.ruleset
		LICENSE = LICENSE
		src\Servers\publish_containers.ps1 = src\Servers\publish_containers.ps1
		README.md = README.md
	EndProjectSection
EndProject
Project("{2150E333-8FDC-42A3-9474-1A3956D46DE8}") = "_global", "_global", "{BDB9FCF4-F575-4E87-A2D1-EB408025FC36}"
	ProjectSection(SolutionItems) = preProject
		Hexalith.ExternalSystems\.editorconfig = Hexalith.ExternalSystems\.editorconfig
		Hexalith.ExternalSystems\.gitignore = Hexalith.ExternalSystems\.gitignore
		Hexalith.ExternalSystems\src\BuildFiles\.stylecop.json = Hexalith.ExternalSystems\src\BuildFiles\.stylecop.json
		Hexalith.ExternalSystems\src\BuildFiles\.stylecop.ruleset = Hexalith.ExternalSystems\src\BuildFiles\.stylecop.ruleset
	EndProjectSection
EndProject
Global
	GlobalSection(SolutionConfigurationPlatforms) = preSolution
		Debug|Any CPU = Debug|Any CPU
		Release|Any CPU = Release|Any CPU
	EndGlobalSection
	GlobalSection(ProjectConfigurationPlatforms) = postSolution
		{1959557F-5EAF-4B1E-BF3F-313AC68EFA49}.Debug|Any CPU.ActiveCfg = Debug|Any CPU
		{1959557F-5EAF-4B1E-BF3F-313AC68EFA49}.Debug|Any CPU.Build.0 = Debug|Any CPU
		{1959557F-5EAF-4B1E-BF3F-313AC68EFA49}.Release|Any CPU.ActiveCfg = Release|Any CPU
		{1959557F-5EAF-4B1E-BF3F-313AC68EFA49}.Release|Any CPU.Build.0 = Release|Any CPU
		{E6204AB7-62EC-41C2-9DEC-7727D3B87B08}.Debug|Any CPU.ActiveCfg = Debug|Any CPU
		{E6204AB7-62EC-41C2-9DEC-7727D3B87B08}.Debug|Any CPU.Build.0 = Debug|Any CPU
		{E6204AB7-62EC-41C2-9DEC-7727D3B87B08}.Release|Any CPU.ActiveCfg = Release|Any CPU
		{E6204AB7-62EC-41C2-9DEC-7727D3B87B08}.Release|Any CPU.Build.0 = Release|Any CPU
		{BE07B798-CBB1-4DA7-B80D-7628F1E67894}.Debug|Any CPU.ActiveCfg = Debug|Any CPU
		{BE07B798-CBB1-4DA7-B80D-7628F1E67894}.Debug|Any CPU.Build.0 = Debug|Any CPU
		{BE07B798-CBB1-4DA7-B80D-7628F1E67894}.Release|Any CPU.ActiveCfg = Release|Any CPU
		{BE07B798-CBB1-4DA7-B80D-7628F1E67894}.Release|Any CPU.Build.0 = Release|Any CPU
		{735CE2B7-2572-4E3F-8B57-C55F9A69448E}.Debug|Any CPU.ActiveCfg = Debug|Any CPU
		{735CE2B7-2572-4E3F-8B57-C55F9A69448E}.Debug|Any CPU.Build.0 = Debug|Any CPU
		{735CE2B7-2572-4E3F-8B57-C55F9A69448E}.Release|Any CPU.ActiveCfg = Release|Any CPU
		{735CE2B7-2572-4E3F-8B57-C55F9A69448E}.Release|Any CPU.Build.0 = Release|Any CPU
		{155E85F0-978B-4916-AB3C-741266DE7BE3}.Debug|Any CPU.ActiveCfg = Debug|Any CPU
		{155E85F0-978B-4916-AB3C-741266DE7BE3}.Debug|Any CPU.Build.0 = Debug|Any CPU
		{155E85F0-978B-4916-AB3C-741266DE7BE3}.Release|Any CPU.ActiveCfg = Release|Any CPU
		{155E85F0-978B-4916-AB3C-741266DE7BE3}.Release|Any CPU.Build.0 = Release|Any CPU
		{8CE66AE1-932A-4E2C-B8E5-4FA627ACA2D7}.Debug|Any CPU.ActiveCfg = Debug|Any CPU
		{8CE66AE1-932A-4E2C-B8E5-4FA627ACA2D7}.Debug|Any CPU.Build.0 = Debug|Any CPU
		{8CE66AE1-932A-4E2C-B8E5-4FA627ACA2D7}.Release|Any CPU.ActiveCfg = Release|Any CPU
		{8CE66AE1-932A-4E2C-B8E5-4FA627ACA2D7}.Release|Any CPU.Build.0 = Release|Any CPU
		{B207766E-3CE0-4DF5-B33B-367C9E8AF4EB}.Debug|Any CPU.ActiveCfg = Debug|Any CPU
		{B207766E-3CE0-4DF5-B33B-367C9E8AF4EB}.Debug|Any CPU.Build.0 = Debug|Any CPU
		{B207766E-3CE0-4DF5-B33B-367C9E8AF4EB}.Release|Any CPU.ActiveCfg = Release|Any CPU
		{B207766E-3CE0-4DF5-B33B-367C9E8AF4EB}.Release|Any CPU.Build.0 = Release|Any CPU
		{00897BC6-2258-41E6-9246-B9EDB67A225B}.Debug|Any CPU.ActiveCfg = Debug|Any CPU
		{00897BC6-2258-41E6-9246-B9EDB67A225B}.Debug|Any CPU.Build.0 = Debug|Any CPU
		{00897BC6-2258-41E6-9246-B9EDB67A225B}.Release|Any CPU.ActiveCfg = Release|Any CPU
		{00897BC6-2258-41E6-9246-B9EDB67A225B}.Release|Any CPU.Build.0 = Release|Any CPU
		{F92430D4-DCA2-4FDC-B902-FA053BCB8037}.Debug|Any CPU.ActiveCfg = Debug|Any CPU
		{F92430D4-DCA2-4FDC-B902-FA053BCB8037}.Debug|Any CPU.Build.0 = Debug|Any CPU
		{F92430D4-DCA2-4FDC-B902-FA053BCB8037}.Release|Any CPU.ActiveCfg = Release|Any CPU
		{F92430D4-DCA2-4FDC-B902-FA053BCB8037}.Release|Any CPU.Build.0 = Release|Any CPU
		{43D88290-657A-4D99-BB58-BA5B60B13630}.Debug|Any CPU.ActiveCfg = Debug|Any CPU
		{43D88290-657A-4D99-BB58-BA5B60B13630}.Debug|Any CPU.Build.0 = Debug|Any CPU
		{43D88290-657A-4D99-BB58-BA5B60B13630}.Release|Any CPU.ActiveCfg = Release|Any CPU
		{43D88290-657A-4D99-BB58-BA5B60B13630}.Release|Any CPU.Build.0 = Release|Any CPU
		{4CB3A741-2FED-491A-AA0D-01F2F2577389}.Debug|Any CPU.ActiveCfg = Debug|Any CPU
		{4CB3A741-2FED-491A-AA0D-01F2F2577389}.Debug|Any CPU.Build.0 = Debug|Any CPU
		{4CB3A741-2FED-491A-AA0D-01F2F2577389}.Release|Any CPU.ActiveCfg = Release|Any CPU
		{4CB3A741-2FED-491A-AA0D-01F2F2577389}.Release|Any CPU.Build.0 = Release|Any CPU
		{E2751BF1-0B07-4CF2-B19C-FBA0C0FB0FB9}.Debug|Any CPU.ActiveCfg = Debug|Any CPU
		{E2751BF1-0B07-4CF2-B19C-FBA0C0FB0FB9}.Debug|Any CPU.Build.0 = Debug|Any CPU
		{E2751BF1-0B07-4CF2-B19C-FBA0C0FB0FB9}.Release|Any CPU.ActiveCfg = Release|Any CPU
		{E2751BF1-0B07-4CF2-B19C-FBA0C0FB0FB9}.Release|Any CPU.Build.0 = Release|Any CPU
		{2F11D0F4-35B2-45D7-8966-DF5248DB82D4}.Debug|Any CPU.ActiveCfg = Debug|Any CPU
		{2F11D0F4-35B2-45D7-8966-DF5248DB82D4}.Debug|Any CPU.Build.0 = Debug|Any CPU
		{2F11D0F4-35B2-45D7-8966-DF5248DB82D4}.Release|Any CPU.ActiveCfg = Release|Any CPU
		{2F11D0F4-35B2-45D7-8966-DF5248DB82D4}.Release|Any CPU.Build.0 = Release|Any CPU
		{C29D4822-A879-49FA-9025-880D716782FF}.Debug|Any CPU.ActiveCfg = Debug|Any CPU
		{C29D4822-A879-49FA-9025-880D716782FF}.Debug|Any CPU.Build.0 = Debug|Any CPU
		{C29D4822-A879-49FA-9025-880D716782FF}.Release|Any CPU.ActiveCfg = Release|Any CPU
		{C29D4822-A879-49FA-9025-880D716782FF}.Release|Any CPU.Build.0 = Release|Any CPU
		{AABC96A7-2B2C-4F92-A4CC-D76596DCF0D6}.Debug|Any CPU.ActiveCfg = Debug|Any CPU
		{AABC96A7-2B2C-4F92-A4CC-D76596DCF0D6}.Debug|Any CPU.Build.0 = Debug|Any CPU
		{AABC96A7-2B2C-4F92-A4CC-D76596DCF0D6}.Release|Any CPU.ActiveCfg = Release|Any CPU
		{AABC96A7-2B2C-4F92-A4CC-D76596DCF0D6}.Release|Any CPU.Build.0 = Release|Any CPU
		{4BFB8526-A11F-4946-9905-7F00EECEF7FF}.Debug|Any CPU.ActiveCfg = Debug|Any CPU
		{4BFB8526-A11F-4946-9905-7F00EECEF7FF}.Debug|Any CPU.Build.0 = Debug|Any CPU
		{4BFB8526-A11F-4946-9905-7F00EECEF7FF}.Release|Any CPU.ActiveCfg = Release|Any CPU
		{4BFB8526-A11F-4946-9905-7F00EECEF7FF}.Release|Any CPU.Build.0 = Release|Any CPU
		{71564D94-DA05-4FCA-985F-E5574EFF2723}.Debug|Any CPU.ActiveCfg = Debug|Any CPU
		{71564D94-DA05-4FCA-985F-E5574EFF2723}.Debug|Any CPU.Build.0 = Debug|Any CPU
		{71564D94-DA05-4FCA-985F-E5574EFF2723}.Release|Any CPU.ActiveCfg = Release|Any CPU
		{71564D94-DA05-4FCA-985F-E5574EFF2723}.Release|Any CPU.Build.0 = Release|Any CPU
		{29551DAF-21B8-4C4D-A765-4F75D1758CB9}.Debug|Any CPU.ActiveCfg = Debug|Any CPU
		{29551DAF-21B8-4C4D-A765-4F75D1758CB9}.Debug|Any CPU.Build.0 = Debug|Any CPU
		{29551DAF-21B8-4C4D-A765-4F75D1758CB9}.Release|Any CPU.ActiveCfg = Release|Any CPU
		{29551DAF-21B8-4C4D-A765-4F75D1758CB9}.Release|Any CPU.Build.0 = Release|Any CPU
		{398AB413-51AA-4973-A5D5-DD584C4F4B6C}.Debug|Any CPU.ActiveCfg = Debug|Any CPU
		{398AB413-51AA-4973-A5D5-DD584C4F4B6C}.Debug|Any CPU.Build.0 = Debug|Any CPU
		{398AB413-51AA-4973-A5D5-DD584C4F4B6C}.Release|Any CPU.ActiveCfg = Release|Any CPU
		{398AB413-51AA-4973-A5D5-DD584C4F4B6C}.Release|Any CPU.Build.0 = Release|Any CPU
		{552814D4-6853-4384-A270-47C7741D1332}.Debug|Any CPU.ActiveCfg = Debug|Any CPU
		{552814D4-6853-4384-A270-47C7741D1332}.Debug|Any CPU.Build.0 = Debug|Any CPU
		{552814D4-6853-4384-A270-47C7741D1332}.Release|Any CPU.ActiveCfg = Release|Any CPU
		{552814D4-6853-4384-A270-47C7741D1332}.Release|Any CPU.Build.0 = Release|Any CPU
		{A836AC21-33CC-479C-862D-99D6EB36917E}.Debug|Any CPU.ActiveCfg = Debug|Any CPU
		{A836AC21-33CC-479C-862D-99D6EB36917E}.Debug|Any CPU.Build.0 = Debug|Any CPU
		{A836AC21-33CC-479C-862D-99D6EB36917E}.Release|Any CPU.ActiveCfg = Release|Any CPU
		{A836AC21-33CC-479C-862D-99D6EB36917E}.Release|Any CPU.Build.0 = Release|Any CPU
		{96BFBAF8-A4DB-41E1-B73E-6B44D775488B}.Debug|Any CPU.ActiveCfg = Debug|Any CPU
		{96BFBAF8-A4DB-41E1-B73E-6B44D775488B}.Debug|Any CPU.Build.0 = Debug|Any CPU
		{96BFBAF8-A4DB-41E1-B73E-6B44D775488B}.Release|Any CPU.ActiveCfg = Release|Any CPU
		{96BFBAF8-A4DB-41E1-B73E-6B44D775488B}.Release|Any CPU.Build.0 = Release|Any CPU
		{93BDAAEA-DCF3-4A19-844B-7B699DF52EC7}.Debug|Any CPU.ActiveCfg = Debug|Any CPU
		{93BDAAEA-DCF3-4A19-844B-7B699DF52EC7}.Debug|Any CPU.Build.0 = Debug|Any CPU
		{93BDAAEA-DCF3-4A19-844B-7B699DF52EC7}.Release|Any CPU.ActiveCfg = Release|Any CPU
		{93BDAAEA-DCF3-4A19-844B-7B699DF52EC7}.Release|Any CPU.Build.0 = Release|Any CPU
		{C7CE8355-E198-4D5F-88AD-0498C1E4580C}.Debug|Any CPU.ActiveCfg = Debug|Any CPU
		{C7CE8355-E198-4D5F-88AD-0498C1E4580C}.Debug|Any CPU.Build.0 = Debug|Any CPU
		{C7CE8355-E198-4D5F-88AD-0498C1E4580C}.Release|Any CPU.ActiveCfg = Release|Any CPU
		{C7CE8355-E198-4D5F-88AD-0498C1E4580C}.Release|Any CPU.Build.0 = Release|Any CPU
		{2EA76081-D72D-4AE9-A10F-094FDC57FA44}.Debug|Any CPU.ActiveCfg = Debug|Any CPU
		{2EA76081-D72D-4AE9-A10F-094FDC57FA44}.Debug|Any CPU.Build.0 = Debug|Any CPU
		{2EA76081-D72D-4AE9-A10F-094FDC57FA44}.Release|Any CPU.ActiveCfg = Release|Any CPU
		{2EA76081-D72D-4AE9-A10F-094FDC57FA44}.Release|Any CPU.Build.0 = Release|Any CPU
		{2CF8A627-8BB7-4762-ABE7-51B9A3560774}.Debug|Any CPU.ActiveCfg = Debug|Any CPU
		{2CF8A627-8BB7-4762-ABE7-51B9A3560774}.Debug|Any CPU.Build.0 = Debug|Any CPU
		{2CF8A627-8BB7-4762-ABE7-51B9A3560774}.Release|Any CPU.ActiveCfg = Release|Any CPU
		{2CF8A627-8BB7-4762-ABE7-51B9A3560774}.Release|Any CPU.Build.0 = Release|Any CPU
		{E0F6C228-71C2-4610-B8EA-2A4DCA9DDE2C}.Debug|Any CPU.ActiveCfg = Debug|Any CPU
		{E0F6C228-71C2-4610-B8EA-2A4DCA9DDE2C}.Debug|Any CPU.Build.0 = Debug|Any CPU
		{E0F6C228-71C2-4610-B8EA-2A4DCA9DDE2C}.Release|Any CPU.ActiveCfg = Release|Any CPU
		{E0F6C228-71C2-4610-B8EA-2A4DCA9DDE2C}.Release|Any CPU.Build.0 = Release|Any CPU
		{50915DCF-7731-411C-ADF9-0D36BB58E250}.Debug|Any CPU.ActiveCfg = Debug|Any CPU
		{50915DCF-7731-411C-ADF9-0D36BB58E250}.Debug|Any CPU.Build.0 = Debug|Any CPU
		{50915DCF-7731-411C-ADF9-0D36BB58E250}.Release|Any CPU.ActiveCfg = Release|Any CPU
		{50915DCF-7731-411C-ADF9-0D36BB58E250}.Release|Any CPU.Build.0 = Release|Any CPU
		{85FA9E9F-A3CC-4DF9-94BA-CB0011954DC3}.Debug|Any CPU.ActiveCfg = Debug|Any CPU
		{85FA9E9F-A3CC-4DF9-94BA-CB0011954DC3}.Debug|Any CPU.Build.0 = Debug|Any CPU
		{85FA9E9F-A3CC-4DF9-94BA-CB0011954DC3}.Release|Any CPU.ActiveCfg = Release|Any CPU
		{85FA9E9F-A3CC-4DF9-94BA-CB0011954DC3}.Release|Any CPU.Build.0 = Release|Any CPU
		{3B624A74-5F48-41C4-A1FD-043C6604C61B}.Debug|Any CPU.ActiveCfg = Debug|Any CPU
		{3B624A74-5F48-41C4-A1FD-043C6604C61B}.Debug|Any CPU.Build.0 = Debug|Any CPU
		{3B624A74-5F48-41C4-A1FD-043C6604C61B}.Release|Any CPU.ActiveCfg = Release|Any CPU
		{3B624A74-5F48-41C4-A1FD-043C6604C61B}.Release|Any CPU.Build.0 = Release|Any CPU
		{80BF5C88-4E2B-4B76-A521-88CF4A880B16}.Debug|Any CPU.ActiveCfg = Debug|Any CPU
		{80BF5C88-4E2B-4B76-A521-88CF4A880B16}.Debug|Any CPU.Build.0 = Debug|Any CPU
		{80BF5C88-4E2B-4B76-A521-88CF4A880B16}.Release|Any CPU.ActiveCfg = Release|Any CPU
		{80BF5C88-4E2B-4B76-A521-88CF4A880B16}.Release|Any CPU.Build.0 = Release|Any CPU
		{0D3A0C8C-15F2-4A0C-8A1C-BD54BCB8FEE1}.Debug|Any CPU.ActiveCfg = Debug|Any CPU
		{0D3A0C8C-15F2-4A0C-8A1C-BD54BCB8FEE1}.Debug|Any CPU.Build.0 = Debug|Any CPU
		{0D3A0C8C-15F2-4A0C-8A1C-BD54BCB8FEE1}.Release|Any CPU.ActiveCfg = Release|Any CPU
		{0D3A0C8C-15F2-4A0C-8A1C-BD54BCB8FEE1}.Release|Any CPU.Build.0 = Release|Any CPU
		{A9D47971-C5E1-4EE0-B355-23D0B0EE00BC}.Debug|Any CPU.ActiveCfg = Debug|Any CPU
		{A9D47971-C5E1-4EE0-B355-23D0B0EE00BC}.Debug|Any CPU.Build.0 = Debug|Any CPU
		{A9D47971-C5E1-4EE0-B355-23D0B0EE00BC}.Release|Any CPU.ActiveCfg = Release|Any CPU
		{A9D47971-C5E1-4EE0-B355-23D0B0EE00BC}.Release|Any CPU.Build.0 = Release|Any CPU
		{7FAFB6B4-B084-4F20-A046-8692CD504B67}.Debug|Any CPU.ActiveCfg = Debug|Any CPU
		{7FAFB6B4-B084-4F20-A046-8692CD504B67}.Debug|Any CPU.Build.0 = Debug|Any CPU
		{7FAFB6B4-B084-4F20-A046-8692CD504B67}.Release|Any CPU.ActiveCfg = Release|Any CPU
		{7FAFB6B4-B084-4F20-A046-8692CD504B67}.Release|Any CPU.Build.0 = Release|Any CPU
		{3C8A2FE5-7E6B-4932-AF11-71F859F3B87F}.Debug|Any CPU.ActiveCfg = Debug|Any CPU
		{3C8A2FE5-7E6B-4932-AF11-71F859F3B87F}.Debug|Any CPU.Build.0 = Debug|Any CPU
		{3C8A2FE5-7E6B-4932-AF11-71F859F3B87F}.Release|Any CPU.ActiveCfg = Release|Any CPU
		{3C8A2FE5-7E6B-4932-AF11-71F859F3B87F}.Release|Any CPU.Build.0 = Release|Any CPU
		{6A210437-68DA-4468-AF3C-4887406BD03B}.Debug|Any CPU.ActiveCfg = Debug|Any CPU
		{6A210437-68DA-4468-AF3C-4887406BD03B}.Debug|Any CPU.Build.0 = Debug|Any CPU
		{6A210437-68DA-4468-AF3C-4887406BD03B}.Release|Any CPU.ActiveCfg = Release|Any CPU
		{6A210437-68DA-4468-AF3C-4887406BD03B}.Release|Any CPU.Build.0 = Release|Any CPU
		{9A85438A-48CC-404E-9B1C-A29269FE78B9}.Debug|Any CPU.ActiveCfg = Debug|Any CPU
		{9A85438A-48CC-404E-9B1C-A29269FE78B9}.Debug|Any CPU.Build.0 = Debug|Any CPU
		{9A85438A-48CC-404E-9B1C-A29269FE78B9}.Release|Any CPU.ActiveCfg = Release|Any CPU
		{9A85438A-48CC-404E-9B1C-A29269FE78B9}.Release|Any CPU.Build.0 = Release|Any CPU
		{92269465-385D-4598-9883-28379DE598C6}.Debug|Any CPU.ActiveCfg = Debug|Any CPU
		{92269465-385D-4598-9883-28379DE598C6}.Debug|Any CPU.Build.0 = Debug|Any CPU
		{92269465-385D-4598-9883-28379DE598C6}.Release|Any CPU.ActiveCfg = Release|Any CPU
		{92269465-385D-4598-9883-28379DE598C6}.Release|Any CPU.Build.0 = Release|Any CPU
		{D6747A9A-5A11-4726-9862-188459C343F5}.Debug|Any CPU.ActiveCfg = Debug|Any CPU
		{D6747A9A-5A11-4726-9862-188459C343F5}.Debug|Any CPU.Build.0 = Debug|Any CPU
		{D6747A9A-5A11-4726-9862-188459C343F5}.Release|Any CPU.ActiveCfg = Release|Any CPU
		{D6747A9A-5A11-4726-9862-188459C343F5}.Release|Any CPU.Build.0 = Release|Any CPU
		{57064CE4-8034-413E-AB31-87DF78CD9CBE}.Debug|Any CPU.ActiveCfg = Debug|Any CPU
		{57064CE4-8034-413E-AB31-87DF78CD9CBE}.Debug|Any CPU.Build.0 = Debug|Any CPU
		{57064CE4-8034-413E-AB31-87DF78CD9CBE}.Release|Any CPU.ActiveCfg = Release|Any CPU
		{57064CE4-8034-413E-AB31-87DF78CD9CBE}.Release|Any CPU.Build.0 = Release|Any CPU
		{BE6E4C4D-873A-4DD4-8B4B-A246F4EF8277}.Debug|Any CPU.ActiveCfg = Debug|Any CPU
		{BE6E4C4D-873A-4DD4-8B4B-A246F4EF8277}.Debug|Any CPU.Build.0 = Debug|Any CPU
		{BE6E4C4D-873A-4DD4-8B4B-A246F4EF8277}.Release|Any CPU.ActiveCfg = Release|Any CPU
		{BE6E4C4D-873A-4DD4-8B4B-A246F4EF8277}.Release|Any CPU.Build.0 = Release|Any CPU
		{15E5AAD5-DAC4-4CCC-8BF4-4EB70D6ABF51}.Debug|Any CPU.ActiveCfg = Debug|Any CPU
		{15E5AAD5-DAC4-4CCC-8BF4-4EB70D6ABF51}.Debug|Any CPU.Build.0 = Debug|Any CPU
		{15E5AAD5-DAC4-4CCC-8BF4-4EB70D6ABF51}.Release|Any CPU.ActiveCfg = Release|Any CPU
		{15E5AAD5-DAC4-4CCC-8BF4-4EB70D6ABF51}.Release|Any CPU.Build.0 = Release|Any CPU
		{43201834-D3F6-460C-A46B-50D1E1ECAA7E}.Debug|Any CPU.ActiveCfg = Debug|Any CPU
		{43201834-D3F6-460C-A46B-50D1E1ECAA7E}.Debug|Any CPU.Build.0 = Debug|Any CPU
		{43201834-D3F6-460C-A46B-50D1E1ECAA7E}.Release|Any CPU.ActiveCfg = Release|Any CPU
		{43201834-D3F6-460C-A46B-50D1E1ECAA7E}.Release|Any CPU.Build.0 = Release|Any CPU
		{0513C042-CDA3-4196-A2ED-894D79E1B154}.Debug|Any CPU.ActiveCfg = Debug|Any CPU
		{0513C042-CDA3-4196-A2ED-894D79E1B154}.Debug|Any CPU.Build.0 = Debug|Any CPU
		{0513C042-CDA3-4196-A2ED-894D79E1B154}.Release|Any CPU.ActiveCfg = Release|Any CPU
		{0513C042-CDA3-4196-A2ED-894D79E1B154}.Release|Any CPU.Build.0 = Release|Any CPU
		{C825E352-7E31-4A23-8814-CBADAC4363DB}.Debug|Any CPU.ActiveCfg = Debug|Any CPU
		{C825E352-7E31-4A23-8814-CBADAC4363DB}.Debug|Any CPU.Build.0 = Debug|Any CPU
		{C825E352-7E31-4A23-8814-CBADAC4363DB}.Release|Any CPU.ActiveCfg = Release|Any CPU
		{C825E352-7E31-4A23-8814-CBADAC4363DB}.Release|Any CPU.Build.0 = Release|Any CPU
		{AAE78C96-4FE5-4A04-B78C-DEF1A8A34BD3}.Debug|Any CPU.ActiveCfg = Debug|Any CPU
		{AAE78C96-4FE5-4A04-B78C-DEF1A8A34BD3}.Debug|Any CPU.Build.0 = Debug|Any CPU
		{AAE78C96-4FE5-4A04-B78C-DEF1A8A34BD3}.Release|Any CPU.ActiveCfg = Release|Any CPU
		{AAE78C96-4FE5-4A04-B78C-DEF1A8A34BD3}.Release|Any CPU.Build.0 = Release|Any CPU
		{9938A3CA-4CFC-434F-AA55-75956016498A}.Debug|Any CPU.ActiveCfg = Debug|Any CPU
		{9938A3CA-4CFC-434F-AA55-75956016498A}.Debug|Any CPU.Build.0 = Debug|Any CPU
		{9938A3CA-4CFC-434F-AA55-75956016498A}.Release|Any CPU.ActiveCfg = Release|Any CPU
		{9938A3CA-4CFC-434F-AA55-75956016498A}.Release|Any CPU.Build.0 = Release|Any CPU
		{998631DC-0993-4493-A2E8-1675C834FEB8}.Debug|Any CPU.ActiveCfg = Debug|Any CPU
		{998631DC-0993-4493-A2E8-1675C834FEB8}.Debug|Any CPU.Build.0 = Debug|Any CPU
		{998631DC-0993-4493-A2E8-1675C834FEB8}.Release|Any CPU.ActiveCfg = Release|Any CPU
		{998631DC-0993-4493-A2E8-1675C834FEB8}.Release|Any CPU.Build.0 = Release|Any CPU
		{9C67CB5B-342A-4687-A453-1A145228DBD4}.Debug|Any CPU.ActiveCfg = Debug|Any CPU
		{9C67CB5B-342A-4687-A453-1A145228DBD4}.Debug|Any CPU.Build.0 = Debug|Any CPU
		{9C67CB5B-342A-4687-A453-1A145228DBD4}.Release|Any CPU.ActiveCfg = Release|Any CPU
		{9C67CB5B-342A-4687-A453-1A145228DBD4}.Release|Any CPU.Build.0 = Release|Any CPU
		{A432AAA5-60AE-45BD-827E-36B8D0B8C62F}.Debug|Any CPU.ActiveCfg = Debug|Any CPU
		{A432AAA5-60AE-45BD-827E-36B8D0B8C62F}.Debug|Any CPU.Build.0 = Debug|Any CPU
		{A432AAA5-60AE-45BD-827E-36B8D0B8C62F}.Release|Any CPU.ActiveCfg = Release|Any CPU
		{A432AAA5-60AE-45BD-827E-36B8D0B8C62F}.Release|Any CPU.Build.0 = Release|Any CPU
		{881A99D5-224B-40F9-88B7-17F757AECA24}.Debug|Any CPU.ActiveCfg = Debug|Any CPU
		{881A99D5-224B-40F9-88B7-17F757AECA24}.Debug|Any CPU.Build.0 = Debug|Any CPU
		{881A99D5-224B-40F9-88B7-17F757AECA24}.Release|Any CPU.ActiveCfg = Release|Any CPU
		{881A99D5-224B-40F9-88B7-17F757AECA24}.Release|Any CPU.Build.0 = Release|Any CPU
		{0B1E72A6-3324-461E-AD08-9BFBB2B5CDE2}.Debug|Any CPU.ActiveCfg = Debug|Any CPU
		{0B1E72A6-3324-461E-AD08-9BFBB2B5CDE2}.Debug|Any CPU.Build.0 = Debug|Any CPU
		{0B1E72A6-3324-461E-AD08-9BFBB2B5CDE2}.Release|Any CPU.ActiveCfg = Release|Any CPU
		{0B1E72A6-3324-461E-AD08-9BFBB2B5CDE2}.Release|Any CPU.Build.0 = Release|Any CPU
		{8FB0445A-16B7-4752-A4C5-DC6DE05ACB05}.Debug|Any CPU.ActiveCfg = Debug|Any CPU
		{8FB0445A-16B7-4752-A4C5-DC6DE05ACB05}.Debug|Any CPU.Build.0 = Debug|Any CPU
		{8FB0445A-16B7-4752-A4C5-DC6DE05ACB05}.Release|Any CPU.ActiveCfg = Release|Any CPU
		{8FB0445A-16B7-4752-A4C5-DC6DE05ACB05}.Release|Any CPU.Build.0 = Release|Any CPU
		{A3763996-BC98-4862-88B6-D4D986E7E335}.Debug|Any CPU.ActiveCfg = Debug|Any CPU
		{A3763996-BC98-4862-88B6-D4D986E7E335}.Debug|Any CPU.Build.0 = Debug|Any CPU
		{A3763996-BC98-4862-88B6-D4D986E7E335}.Release|Any CPU.ActiveCfg = Release|Any CPU
		{A3763996-BC98-4862-88B6-D4D986E7E335}.Release|Any CPU.Build.0 = Release|Any CPU
		{80A93D9C-6F13-4524-93A3-72A45A6BD416}.Debug|Any CPU.ActiveCfg = Debug|Any CPU
		{80A93D9C-6F13-4524-93A3-72A45A6BD416}.Debug|Any CPU.Build.0 = Debug|Any CPU
		{80A93D9C-6F13-4524-93A3-72A45A6BD416}.Release|Any CPU.ActiveCfg = Release|Any CPU
		{80A93D9C-6F13-4524-93A3-72A45A6BD416}.Release|Any CPU.Build.0 = Release|Any CPU
		{E8F2901C-CB80-42FA-8C39-91DFF483E51D}.Debug|Any CPU.ActiveCfg = Debug|Any CPU
		{E8F2901C-CB80-42FA-8C39-91DFF483E51D}.Debug|Any CPU.Build.0 = Debug|Any CPU
		{E8F2901C-CB80-42FA-8C39-91DFF483E51D}.Release|Any CPU.ActiveCfg = Release|Any CPU
		{E8F2901C-CB80-42FA-8C39-91DFF483E51D}.Release|Any CPU.Build.0 = Release|Any CPU
		{AE61A6D6-EA8C-476A-88AC-4B75BB7E0A37}.Debug|Any CPU.ActiveCfg = Debug|Any CPU
		{AE61A6D6-EA8C-476A-88AC-4B75BB7E0A37}.Debug|Any CPU.Build.0 = Debug|Any CPU
		{AE61A6D6-EA8C-476A-88AC-4B75BB7E0A37}.Release|Any CPU.ActiveCfg = Release|Any CPU
		{AE61A6D6-EA8C-476A-88AC-4B75BB7E0A37}.Release|Any CPU.Build.0 = Release|Any CPU
		{8F16EF50-3EBF-4D8E-A157-A395DDBEC9F3}.Debug|Any CPU.ActiveCfg = Debug|Any CPU
		{8F16EF50-3EBF-4D8E-A157-A395DDBEC9F3}.Debug|Any CPU.Build.0 = Debug|Any CPU
		{8F16EF50-3EBF-4D8E-A157-A395DDBEC9F3}.Release|Any CPU.ActiveCfg = Release|Any CPU
		{8F16EF50-3EBF-4D8E-A157-A395DDBEC9F3}.Release|Any CPU.Build.0 = Release|Any CPU
		{96276918-158A-44AA-B352-49764E394E0E}.Debug|Any CPU.ActiveCfg = Debug|Any CPU
		{96276918-158A-44AA-B352-49764E394E0E}.Debug|Any CPU.Build.0 = Debug|Any CPU
		{96276918-158A-44AA-B352-49764E394E0E}.Release|Any CPU.ActiveCfg = Release|Any CPU
		{96276918-158A-44AA-B352-49764E394E0E}.Release|Any CPU.Build.0 = Release|Any CPU
		{D8A71B10-E12E-4149-B8B5-76A86E48B095}.Debug|Any CPU.ActiveCfg = Debug|Any CPU
		{D8A71B10-E12E-4149-B8B5-76A86E48B095}.Debug|Any CPU.Build.0 = Debug|Any CPU
		{D8A71B10-E12E-4149-B8B5-76A86E48B095}.Release|Any CPU.ActiveCfg = Release|Any CPU
		{D8A71B10-E12E-4149-B8B5-76A86E48B095}.Release|Any CPU.Build.0 = Release|Any CPU
		{63BC3D4A-7A5C-4404-9FFC-B1E303781861}.Debug|Any CPU.ActiveCfg = Debug|Any CPU
		{63BC3D4A-7A5C-4404-9FFC-B1E303781861}.Debug|Any CPU.Build.0 = Debug|Any CPU
		{63BC3D4A-7A5C-4404-9FFC-B1E303781861}.Release|Any CPU.ActiveCfg = Release|Any CPU
		{63BC3D4A-7A5C-4404-9FFC-B1E303781861}.Release|Any CPU.Build.0 = Release|Any CPU
		{1B60F0E8-4F24-422D-BB42-2AC3F46594BD}.Debug|Any CPU.ActiveCfg = Debug|Any CPU
		{1B60F0E8-4F24-422D-BB42-2AC3F46594BD}.Debug|Any CPU.Build.0 = Debug|Any CPU
		{1B60F0E8-4F24-422D-BB42-2AC3F46594BD}.Release|Any CPU.ActiveCfg = Release|Any CPU
		{1B60F0E8-4F24-422D-BB42-2AC3F46594BD}.Release|Any CPU.Build.0 = Release|Any CPU
		{820ED263-B92F-4BEA-ACDE-4429E7B1D88F}.Debug|Any CPU.ActiveCfg = Debug|Any CPU
		{820ED263-B92F-4BEA-ACDE-4429E7B1D88F}.Debug|Any CPU.Build.0 = Debug|Any CPU
		{820ED263-B92F-4BEA-ACDE-4429E7B1D88F}.Release|Any CPU.ActiveCfg = Release|Any CPU
		{820ED263-B92F-4BEA-ACDE-4429E7B1D88F}.Release|Any CPU.Build.0 = Release|Any CPU
		{65EFD3B1-DD02-4B72-AFD2-A0283F6F0FBD}.Debug|Any CPU.ActiveCfg = Debug|Any CPU
		{65EFD3B1-DD02-4B72-AFD2-A0283F6F0FBD}.Debug|Any CPU.Build.0 = Debug|Any CPU
		{65EFD3B1-DD02-4B72-AFD2-A0283F6F0FBD}.Release|Any CPU.ActiveCfg = Release|Any CPU
		{65EFD3B1-DD02-4B72-AFD2-A0283F6F0FBD}.Release|Any CPU.Build.0 = Release|Any CPU
		{B76D5764-8BD8-471B-8C0E-3084C0E89DFA}.Debug|Any CPU.ActiveCfg = Debug|Any CPU
		{B76D5764-8BD8-471B-8C0E-3084C0E89DFA}.Debug|Any CPU.Build.0 = Debug|Any CPU
		{B76D5764-8BD8-471B-8C0E-3084C0E89DFA}.Release|Any CPU.ActiveCfg = Release|Any CPU
		{B76D5764-8BD8-471B-8C0E-3084C0E89DFA}.Release|Any CPU.Build.0 = Release|Any CPU
		{F2FA014F-2816-4CD4-896E-5BCCDFBD3565}.Debug|Any CPU.ActiveCfg = Debug|Any CPU
		{F2FA014F-2816-4CD4-896E-5BCCDFBD3565}.Debug|Any CPU.Build.0 = Debug|Any CPU
		{F2FA014F-2816-4CD4-896E-5BCCDFBD3565}.Release|Any CPU.ActiveCfg = Release|Any CPU
		{F2FA014F-2816-4CD4-896E-5BCCDFBD3565}.Release|Any CPU.Build.0 = Release|Any CPU
		{BA5EEBA3-34D6-4733-BF6B-837728CA51B0}.Debug|Any CPU.ActiveCfg = Debug|Any CPU
		{BA5EEBA3-34D6-4733-BF6B-837728CA51B0}.Debug|Any CPU.Build.0 = Debug|Any CPU
		{BA5EEBA3-34D6-4733-BF6B-837728CA51B0}.Release|Any CPU.ActiveCfg = Release|Any CPU
		{BA5EEBA3-34D6-4733-BF6B-837728CA51B0}.Release|Any CPU.Build.0 = Release|Any CPU
		{5DD9EEF7-1325-4D78-AEEC-28CCA468D044}.Debug|Any CPU.ActiveCfg = Debug|Any CPU
		{5DD9EEF7-1325-4D78-AEEC-28CCA468D044}.Debug|Any CPU.Build.0 = Debug|Any CPU
		{5DD9EEF7-1325-4D78-AEEC-28CCA468D044}.Release|Any CPU.ActiveCfg = Release|Any CPU
		{5DD9EEF7-1325-4D78-AEEC-28CCA468D044}.Release|Any CPU.Build.0 = Release|Any CPU
		{1EFE3E8D-BAE3-4D20-9B8F-EFB54341AA0B}.Debug|Any CPU.ActiveCfg = Debug|Any CPU
		{1EFE3E8D-BAE3-4D20-9B8F-EFB54341AA0B}.Debug|Any CPU.Build.0 = Debug|Any CPU
		{1EFE3E8D-BAE3-4D20-9B8F-EFB54341AA0B}.Release|Any CPU.ActiveCfg = Release|Any CPU
		{1EFE3E8D-BAE3-4D20-9B8F-EFB54341AA0B}.Release|Any CPU.Build.0 = Release|Any CPU
		{402A147C-4C1F-40F0-8946-D9FA6175E117}.Debug|Any CPU.ActiveCfg = Debug|Any CPU
		{402A147C-4C1F-40F0-8946-D9FA6175E117}.Debug|Any CPU.Build.0 = Debug|Any CPU
		{402A147C-4C1F-40F0-8946-D9FA6175E117}.Release|Any CPU.ActiveCfg = Release|Any CPU
		{402A147C-4C1F-40F0-8946-D9FA6175E117}.Release|Any CPU.Build.0 = Release|Any CPU
		{AB395911-243F-4D4F-B108-4A0ED7C7D290}.Debug|Any CPU.ActiveCfg = Debug|Any CPU
		{AB395911-243F-4D4F-B108-4A0ED7C7D290}.Debug|Any CPU.Build.0 = Debug|Any CPU
		{AB395911-243F-4D4F-B108-4A0ED7C7D290}.Release|Any CPU.ActiveCfg = Release|Any CPU
		{AB395911-243F-4D4F-B108-4A0ED7C7D290}.Release|Any CPU.Build.0 = Release|Any CPU
		{747E07B7-9BEA-4BA6-AA0C-1A3DA5E5B7DB}.Debug|Any CPU.ActiveCfg = Debug|Any CPU
		{747E07B7-9BEA-4BA6-AA0C-1A3DA5E5B7DB}.Debug|Any CPU.Build.0 = Debug|Any CPU
		{747E07B7-9BEA-4BA6-AA0C-1A3DA5E5B7DB}.Release|Any CPU.ActiveCfg = Release|Any CPU
		{747E07B7-9BEA-4BA6-AA0C-1A3DA5E5B7DB}.Release|Any CPU.Build.0 = Release|Any CPU
		{9DD30035-C764-4CE7-927F-12B1ACED7694}.Debug|Any CPU.ActiveCfg = Debug|Any CPU
		{9DD30035-C764-4CE7-927F-12B1ACED7694}.Debug|Any CPU.Build.0 = Debug|Any CPU
		{9DD30035-C764-4CE7-927F-12B1ACED7694}.Release|Any CPU.ActiveCfg = Release|Any CPU
		{9DD30035-C764-4CE7-927F-12B1ACED7694}.Release|Any CPU.Build.0 = Release|Any CPU
		{67EFFAD5-6BDA-4BA8-9109-7638F2EC73A6}.Debug|Any CPU.ActiveCfg = Debug|Any CPU
		{67EFFAD5-6BDA-4BA8-9109-7638F2EC73A6}.Debug|Any CPU.Build.0 = Debug|Any CPU
		{67EFFAD5-6BDA-4BA8-9109-7638F2EC73A6}.Release|Any CPU.ActiveCfg = Release|Any CPU
		{67EFFAD5-6BDA-4BA8-9109-7638F2EC73A6}.Release|Any CPU.Build.0 = Release|Any CPU
		{FEE33BA5-782F-4CB8-91A3-5DB61496C7A9}.Debug|Any CPU.ActiveCfg = Debug|Any CPU
		{FEE33BA5-782F-4CB8-91A3-5DB61496C7A9}.Debug|Any CPU.Build.0 = Debug|Any CPU
		{FEE33BA5-782F-4CB8-91A3-5DB61496C7A9}.Release|Any CPU.ActiveCfg = Release|Any CPU
		{FEE33BA5-782F-4CB8-91A3-5DB61496C7A9}.Release|Any CPU.Build.0 = Release|Any CPU
		{C3936E6B-47BF-4379-8C1E-57984678CC13}.Debug|Any CPU.ActiveCfg = Debug|Any CPU
		{C3936E6B-47BF-4379-8C1E-57984678CC13}.Debug|Any CPU.Build.0 = Debug|Any CPU
		{C3936E6B-47BF-4379-8C1E-57984678CC13}.Release|Any CPU.ActiveCfg = Release|Any CPU
		{C3936E6B-47BF-4379-8C1E-57984678CC13}.Release|Any CPU.Build.0 = Release|Any CPU
		{2A1F8D6D-6B9B-42EF-9623-7D1067A6AA6B}.Debug|Any CPU.ActiveCfg = Debug|Any CPU
		{2A1F8D6D-6B9B-42EF-9623-7D1067A6AA6B}.Debug|Any CPU.Build.0 = Debug|Any CPU
		{2A1F8D6D-6B9B-42EF-9623-7D1067A6AA6B}.Release|Any CPU.ActiveCfg = Release|Any CPU
		{2A1F8D6D-6B9B-42EF-9623-7D1067A6AA6B}.Release|Any CPU.Build.0 = Release|Any CPU
		{6EBB561D-25BA-4977-BFAB-C373D92A3B61}.Debug|Any CPU.ActiveCfg = Debug|Any CPU
		{6EBB561D-25BA-4977-BFAB-C373D92A3B61}.Debug|Any CPU.Build.0 = Debug|Any CPU
		{6EBB561D-25BA-4977-BFAB-C373D92A3B61}.Release|Any CPU.ActiveCfg = Release|Any CPU
		{6EBB561D-25BA-4977-BFAB-C373D92A3B61}.Release|Any CPU.Build.0 = Release|Any CPU
		{50B3A7D2-54CF-48F6-9B49-AF5F470ACF44}.Debug|Any CPU.ActiveCfg = Debug|Any CPU
		{50B3A7D2-54CF-48F6-9B49-AF5F470ACF44}.Debug|Any CPU.Build.0 = Debug|Any CPU
		{50B3A7D2-54CF-48F6-9B49-AF5F470ACF44}.Release|Any CPU.ActiveCfg = Release|Any CPU
		{50B3A7D2-54CF-48F6-9B49-AF5F470ACF44}.Release|Any CPU.Build.0 = Release|Any CPU
		{4904764A-C315-4BF9-8816-455EEAB337F2}.Debug|Any CPU.ActiveCfg = Debug|Any CPU
		{4904764A-C315-4BF9-8816-455EEAB337F2}.Debug|Any CPU.Build.0 = Debug|Any CPU
		{4904764A-C315-4BF9-8816-455EEAB337F2}.Release|Any CPU.ActiveCfg = Release|Any CPU
		{4904764A-C315-4BF9-8816-455EEAB337F2}.Release|Any CPU.Build.0 = Release|Any CPU
		{ECAA39A5-9140-4326-A2A4-FEEE80BD9782}.Debug|Any CPU.ActiveCfg = Debug|Any CPU
		{ECAA39A5-9140-4326-A2A4-FEEE80BD9782}.Debug|Any CPU.Build.0 = Debug|Any CPU
		{ECAA39A5-9140-4326-A2A4-FEEE80BD9782}.Release|Any CPU.ActiveCfg = Release|Any CPU
		{ECAA39A5-9140-4326-A2A4-FEEE80BD9782}.Release|Any CPU.Build.0 = Release|Any CPU
		{1FCCE115-83C5-4B37-BF42-23C5EA4D8CDE}.Debug|Any CPU.ActiveCfg = Debug|Any CPU
		{1FCCE115-83C5-4B37-BF42-23C5EA4D8CDE}.Debug|Any CPU.Build.0 = Debug|Any CPU
		{1FCCE115-83C5-4B37-BF42-23C5EA4D8CDE}.Release|Any CPU.ActiveCfg = Release|Any CPU
		{1FCCE115-83C5-4B37-BF42-23C5EA4D8CDE}.Release|Any CPU.Build.0 = Release|Any CPU
		{B676341A-5EFC-44DD-BC96-A14483352652}.Debug|Any CPU.ActiveCfg = Debug|Any CPU
		{B676341A-5EFC-44DD-BC96-A14483352652}.Debug|Any CPU.Build.0 = Debug|Any CPU
		{B676341A-5EFC-44DD-BC96-A14483352652}.Release|Any CPU.ActiveCfg = Release|Any CPU
		{B676341A-5EFC-44DD-BC96-A14483352652}.Release|Any CPU.Build.0 = Release|Any CPU
	EndGlobalSection
	GlobalSection(SolutionProperties) = preSolution
		HideSolutionNode = FALSE
	EndGlobalSection
	GlobalSection(NestedProjects) = preSolution
		{45BF37A5-A98F-40C9-A990-79F051A3057B} = {D2DA3040-462E-4E0E-9CFE-3EA95FA3D014}
		{4BF53A8A-B344-4C1A-AE24-1FC41E2188E9} = {45BF37A5-A98F-40C9-A990-79F051A3057B}
		{FA933B2A-DC9F-44A0-94C7-C5D2D49C550B} = {45BF37A5-A98F-40C9-A990-79F051A3057B}
		{AA983AFF-9CBC-4F2A-98E3-3CACA5039C61} = {45BF37A5-A98F-40C9-A990-79F051A3057B}
		{5A9735A3-CEE9-4E50-B2FD-54F0BF402002} = {45BF37A5-A98F-40C9-A990-79F051A3057B}
		{1959557F-5EAF-4B1E-BF3F-313AC68EFA49} = {4BF53A8A-B344-4C1A-AE24-1FC41E2188E9}
		{E6204AB7-62EC-41C2-9DEC-7727D3B87B08} = {FA933B2A-DC9F-44A0-94C7-C5D2D49C550B}
		{BE07B798-CBB1-4DA7-B80D-7628F1E67894} = {4BF53A8A-B344-4C1A-AE24-1FC41E2188E9}
		{735CE2B7-2572-4E3F-8B57-C55F9A69448E} = {AA983AFF-9CBC-4F2A-98E3-3CACA5039C61}
		{155E85F0-978B-4916-AB3C-741266DE7BE3} = {AA983AFF-9CBC-4F2A-98E3-3CACA5039C61}
		{8CE66AE1-932A-4E2C-B8E5-4FA627ACA2D7} = {5A9735A3-CEE9-4E50-B2FD-54F0BF402002}
		{B207766E-3CE0-4DF5-B33B-367C9E8AF4EB} = {FA933B2A-DC9F-44A0-94C7-C5D2D49C550B}
		{00897BC6-2258-41E6-9246-B9EDB67A225B} = {FA933B2A-DC9F-44A0-94C7-C5D2D49C550B}
		{F92430D4-DCA2-4FDC-B902-FA053BCB8037} = {FA933B2A-DC9F-44A0-94C7-C5D2D49C550B}
		{43D88290-657A-4D99-BB58-BA5B60B13630} = {AA983AFF-9CBC-4F2A-98E3-3CACA5039C61}
		{4CB3A741-2FED-491A-AA0D-01F2F2577389} = {FA933B2A-DC9F-44A0-94C7-C5D2D49C550B}
		{E2751BF1-0B07-4CF2-B19C-FBA0C0FB0FB9} = {5A9735A3-CEE9-4E50-B2FD-54F0BF402002}
		{2F11D0F4-35B2-45D7-8966-DF5248DB82D4} = {5A9735A3-CEE9-4E50-B2FD-54F0BF402002}
		{C29D4822-A879-49FA-9025-880D716782FF} = {AA983AFF-9CBC-4F2A-98E3-3CACA5039C61}
		{AABC96A7-2B2C-4F92-A4CC-D76596DCF0D6} = {FA933B2A-DC9F-44A0-94C7-C5D2D49C550B}
		{4BFB8526-A11F-4946-9905-7F00EECEF7FF} = {AA983AFF-9CBC-4F2A-98E3-3CACA5039C61}
		{71564D94-DA05-4FCA-985F-E5574EFF2723} = {5A9735A3-CEE9-4E50-B2FD-54F0BF402002}
		{29551DAF-21B8-4C4D-A765-4F75D1758CB9} = {3D11F14C-AF25-4D09-8182-568B18EB78FC}
		{3D11F14C-AF25-4D09-8182-568B18EB78FC} = {45BF37A5-A98F-40C9-A990-79F051A3057B}
		{398AB413-51AA-4973-A5D5-DD584C4F4B6C} = {5A9735A3-CEE9-4E50-B2FD-54F0BF402002}
		{552814D4-6853-4384-A270-47C7741D1332} = {FA933B2A-DC9F-44A0-94C7-C5D2D49C550B}
		{A836AC21-33CC-479C-862D-99D6EB36917E} = {FA933B2A-DC9F-44A0-94C7-C5D2D49C550B}
		{96BFBAF8-A4DB-41E1-B73E-6B44D775488B} = {FA933B2A-DC9F-44A0-94C7-C5D2D49C550B}
		{93BDAAEA-DCF3-4A19-844B-7B699DF52EC7} = {FA933B2A-DC9F-44A0-94C7-C5D2D49C550B}
		{C7CE8355-E198-4D5F-88AD-0498C1E4580C} = {FA933B2A-DC9F-44A0-94C7-C5D2D49C550B}
		{2EA76081-D72D-4AE9-A10F-094FDC57FA44} = {FA933B2A-DC9F-44A0-94C7-C5D2D49C550B}
		{2CF8A627-8BB7-4762-ABE7-51B9A3560774} = {FA933B2A-DC9F-44A0-94C7-C5D2D49C550B}
		{E0F6C228-71C2-4610-B8EA-2A4DCA9DDE2C} = {FA933B2A-DC9F-44A0-94C7-C5D2D49C550B}
		{50915DCF-7731-411C-ADF9-0D36BB58E250} = {FA933B2A-DC9F-44A0-94C7-C5D2D49C550B}
		{85FA9E9F-A3CC-4DF9-94BA-CB0011954DC3} = {FA933B2A-DC9F-44A0-94C7-C5D2D49C550B}
		{3B624A74-5F48-41C4-A1FD-043C6604C61B} = {AA983AFF-9CBC-4F2A-98E3-3CACA5039C61}
		{80BF5C88-4E2B-4B76-A521-88CF4A880B16} = {FA933B2A-DC9F-44A0-94C7-C5D2D49C550B}
		{0D3A0C8C-15F2-4A0C-8A1C-BD54BCB8FEE1} = {FA933B2A-DC9F-44A0-94C7-C5D2D49C550B}
		{A9D47971-C5E1-4EE0-B355-23D0B0EE00BC} = {FA933B2A-DC9F-44A0-94C7-C5D2D49C550B}
		{7FAFB6B4-B084-4F20-A046-8692CD504B67} = {FA933B2A-DC9F-44A0-94C7-C5D2D49C550B}
		{971DE0DA-285B-4912-BA93-E74411400F87} = {6DCC825D-02D0-4F25-9A3D-A530736AB837}
		{3A505FC6-CBD6-4D4F-BF48-329C3148282B} = {6DCC825D-02D0-4F25-9A3D-A530736AB837}
		{E0E8D9A4-0B77-4F2D-BD6E-7931FEE42ACB} = {6DCC825D-02D0-4F25-9A3D-A530736AB837}
		{3C8A2FE5-7E6B-4932-AF11-71F859F3B87F} = {3D11F14C-AF25-4D09-8182-568B18EB78FC}
		{6A210437-68DA-4468-AF3C-4887406BD03B} = {3D11F14C-AF25-4D09-8182-568B18EB78FC}
		{9A85438A-48CC-404E-9B1C-A29269FE78B9} = {3D11F14C-AF25-4D09-8182-568B18EB78FC}
		{92269465-385D-4598-9883-28379DE598C6} = {3D11F14C-AF25-4D09-8182-568B18EB78FC}
		{D6747A9A-5A11-4726-9862-188459C343F5} = {971DE0DA-285B-4912-BA93-E74411400F87}
		{57064CE4-8034-413E-AB31-87DF78CD9CBE} = {971DE0DA-285B-4912-BA93-E74411400F87}
		{BE6E4C4D-873A-4DD4-8B4B-A246F4EF8277} = {971DE0DA-285B-4912-BA93-E74411400F87}
		{15E5AAD5-DAC4-4CCC-8BF4-4EB70D6ABF51} = {971DE0DA-285B-4912-BA93-E74411400F87}
		{43201834-D3F6-460C-A46B-50D1E1ECAA7E} = {971DE0DA-285B-4912-BA93-E74411400F87}
		{0513C042-CDA3-4196-A2ED-894D79E1B154} = {971DE0DA-285B-4912-BA93-E74411400F87}
		{C825E352-7E31-4A23-8814-CBADAC4363DB} = {8B5B1376-6E74-4BE2-8688-5F4B604B0370}
		{AAE78C96-4FE5-4A04-B78C-DEF1A8A34BD3} = {E0E8D9A4-0B77-4F2D-BD6E-7931FEE42ACB}
		{D730786F-9BA0-41AD-9C68-9F46AA327795} = {8D412594-322C-46FC-BADC-F4AE6DFFB6A8}
		{9938A3CA-4CFC-434F-AA55-75956016498A} = {D730786F-9BA0-41AD-9C68-9F46AA327795}
		{998631DC-0993-4493-A2E8-1675C834FEB8} = {D730786F-9BA0-41AD-9C68-9F46AA327795}
		{291E2688-A9F0-46B1-88D1-885D836FE660} = {8D412594-322C-46FC-BADC-F4AE6DFFB6A8}
		{9C67CB5B-342A-4687-A453-1A145228DBD4} = {291E2688-A9F0-46B1-88D1-885D836FE660}
		{A432AAA5-60AE-45BD-827E-36B8D0B8C62F} = {291E2688-A9F0-46B1-88D1-885D836FE660}
		{881A99D5-224B-40F9-88B7-17F757AECA24} = {291E2688-A9F0-46B1-88D1-885D836FE660}
		{38736D76-91BB-4A00-AA11-420C74928B26} = {8D412594-322C-46FC-BADC-F4AE6DFFB6A8}
		{20FEAF0E-3679-4FFC-A959-40FD254CBB38} = {8D412594-322C-46FC-BADC-F4AE6DFFB6A8}
		{0B1E72A6-3324-461E-AD08-9BFBB2B5CDE2} = {20FEAF0E-3679-4FFC-A959-40FD254CBB38}
		{8FB0445A-16B7-4752-A4C5-DC6DE05ACB05} = {20FEAF0E-3679-4FFC-A959-40FD254CBB38}
		{A3763996-BC98-4862-88B6-D4D986E7E335} = {20FEAF0E-3679-4FFC-A959-40FD254CBB38}
		{80A93D9C-6F13-4524-93A3-72A45A6BD416} = {20FEAF0E-3679-4FFC-A959-40FD254CBB38}
		{9D57ECB6-B7DC-4DDB-A9B6-12EE7A75A879} = {45BF37A5-A98F-40C9-A990-79F051A3057B}
		{4F49ABFF-6B70-4B98-BB71-505D35B5BB87} = {810883B3-1803-4B4E-BF5E-F078393FA0F0}
		{9AAA1A56-7221-4F12-9CC5-EED65D846D28} = {810883B3-1803-4B4E-BF5E-F078393FA0F0}
		{8BCF7A82-450A-4455-B622-4F6C1B28747D} = {810883B3-1803-4B4E-BF5E-F078393FA0F0}
		{E8F2901C-CB80-42FA-8C39-91DFF483E51D} = {4F49ABFF-6B70-4B98-BB71-505D35B5BB87}
		{AE61A6D6-EA8C-476A-88AC-4B75BB7E0A37} = {4F49ABFF-6B70-4B98-BB71-505D35B5BB87}
		{8F16EF50-3EBF-4D8E-A157-A395DDBEC9F3} = {4F49ABFF-6B70-4B98-BB71-505D35B5BB87}
		{96276918-158A-44AA-B352-49764E394E0E} = {9AAA1A56-7221-4F12-9CC5-EED65D846D28}
		{D8A71B10-E12E-4149-B8B5-76A86E48B095} = {9AAA1A56-7221-4F12-9CC5-EED65D846D28}
		{63BC3D4A-7A5C-4404-9FFC-B1E303781861} = {8BCF7A82-450A-4455-B622-4F6C1B28747D}
		{1B60F0E8-4F24-422D-BB42-2AC3F46594BD} = {8BCF7A82-450A-4455-B622-4F6C1B28747D}
		{820ED263-B92F-4BEA-ACDE-4429E7B1D88F} = {8BCF7A82-450A-4455-B622-4F6C1B28747D}
		{65EFD3B1-DD02-4B72-AFD2-A0283F6F0FBD} = {8BCF7A82-450A-4455-B622-4F6C1B28747D}
		{24506019-C050-47A2-BD18-D073C5B13C14} = {9E9F6E02-85FF-4D60-B0D1-0C05E320E987}
		{8091788E-ACB0-4AF1-B3F4-00922A82501A} = {9E9F6E02-85FF-4D60-B0D1-0C05E320E987}
		{2F217CE2-E1EB-4A62-9E6B-8BD15409EFB7} = {9E9F6E02-85FF-4D60-B0D1-0C05E320E987}
		{B76D5764-8BD8-471B-8C0E-3084C0E89DFA} = {24506019-C050-47A2-BD18-D073C5B13C14}
		{F2FA014F-2816-4CD4-896E-5BCCDFBD3565} = {24506019-C050-47A2-BD18-D073C5B13C14}
		{BA5EEBA3-34D6-4733-BF6B-837728CA51B0} = {24506019-C050-47A2-BD18-D073C5B13C14}
		{5DD9EEF7-1325-4D78-AEEC-28CCA468D044} = {8091788E-ACB0-4AF1-B3F4-00922A82501A}
		{1EFE3E8D-BAE3-4D20-9B8F-EFB54341AA0B} = {8091788E-ACB0-4AF1-B3F4-00922A82501A}
		{402A147C-4C1F-40F0-8946-D9FA6175E117} = {2F217CE2-E1EB-4A62-9E6B-8BD15409EFB7}
		{AB395911-243F-4D4F-B108-4A0ED7C7D290} = {2F217CE2-E1EB-4A62-9E6B-8BD15409EFB7}
		{747E07B7-9BEA-4BA6-AA0C-1A3DA5E5B7DB} = {2F217CE2-E1EB-4A62-9E6B-8BD15409EFB7}
		{9DD30035-C764-4CE7-927F-12B1ACED7694} = {2F217CE2-E1EB-4A62-9E6B-8BD15409EFB7}
		{67EFFAD5-6BDA-4BA8-9109-7638F2EC73A6} = {2F217CE2-E1EB-4A62-9E6B-8BD15409EFB7}
		{4251697F-18AA-4D69-8599-FB68FF57795D} = {810883B3-1803-4B4E-BF5E-F078393FA0F0}
		{BBB67B81-6BAF-480F-AD43-B43CEF9A46A4} = {36AFD4DF-F38B-4902-8D53-ED7ADF5010DB}
		{84B7D03F-5FEF-4769-8984-326080307307} = {36AFD4DF-F38B-4902-8D53-ED7ADF5010DB}
		{2933EEEB-7A7A-4D67-9968-7E0F19BC6EC3} = {36AFD4DF-F38B-4902-8D53-ED7ADF5010DB}
		{FEE33BA5-782F-4CB8-91A3-5DB61496C7A9} = {BBB67B81-6BAF-480F-AD43-B43CEF9A46A4}
		{C3936E6B-47BF-4379-8C1E-57984678CC13} = {BBB67B81-6BAF-480F-AD43-B43CEF9A46A4}
		{2A1F8D6D-6B9B-42EF-9623-7D1067A6AA6B} = {BBB67B81-6BAF-480F-AD43-B43CEF9A46A4}
		{6EBB561D-25BA-4977-BFAB-C373D92A3B61} = {84B7D03F-5FEF-4769-8984-326080307307}
		{50B3A7D2-54CF-48F6-9B49-AF5F470ACF44} = {84B7D03F-5FEF-4769-8984-326080307307}
		{4904764A-C315-4BF9-8816-455EEAB337F2} = {2933EEEB-7A7A-4D67-9968-7E0F19BC6EC3}
		{ECAA39A5-9140-4326-A2A4-FEEE80BD9782} = {2933EEEB-7A7A-4D67-9968-7E0F19BC6EC3}
		{1FCCE115-83C5-4B37-BF42-23C5EA4D8CDE} = {2933EEEB-7A7A-4D67-9968-7E0F19BC6EC3}
		{B676341A-5EFC-44DD-BC96-A14483352652} = {2933EEEB-7A7A-4D67-9968-7E0F19BC6EC3}
		{CDC0BEAD-E265-4892-8E44-7991B1663216} = {6DCC825D-02D0-4F25-9A3D-A530736AB837}
		{BDB9FCF4-F575-4E87-A2D1-EB408025FC36} = {810883B3-1803-4B4E-BF5E-F078393FA0F0}
	EndGlobalSection
	GlobalSection(ExtensibilityGlobals) = postSolution
		SolutionGuid = {09CBB595-8996-4C7F-9C48-4C58AD9293AC}
	EndGlobalSection
EndGlobal
